// !$*UTF8*$!
{
	archiveVersion = 1;
	classes = {
	};
	objectVersion = 56;
	objects = {

/* Begin PBXBuildFile section */
		33C72B732B6D546800D8DADD /* AppDelegate.swift in Sources */ = {isa = PBXBuildFile; fileRef = 33C72B722B6D546800D8DADD /* AppDelegate.swift */; };
		33C72B752B6D546800D8DADD /* SceneDelegate.swift in Sources */ = {isa = PBXBuildFile; fileRef = 33C72B742B6D546800D8DADD /* SceneDelegate.swift */; };
		33C72B7C2B6D546A00D8DADD /* Assets.xcassets in Resources */ = {isa = PBXBuildFile; fileRef = 33C72B7B2B6D546A00D8DADD /* Assets.xcassets */; };
		33C72B7F2B6D546A00D8DADD /* LaunchScreen.storyboard in Resources */ = {isa = PBXBuildFile; fileRef = 33C72B7D2B6D546A00D8DADD /* LaunchScreen.storyboard */; };
		33C72BC72B6D621B00D8DADD /* Coordinator.swift in Sources */ = {isa = PBXBuildFile; fileRef = 33C72BC42B6D621B00D8DADD /* Coordinator.swift */; };
		33C72BC82B6D621B00D8DADD /* Presentable.swift in Sources */ = {isa = PBXBuildFile; fileRef = 33C72BC52B6D621B00D8DADD /* Presentable.swift */; };
		33C72BC92B6D621B00D8DADD /* BaseCoordinator.swift in Sources */ = {isa = PBXBuildFile; fileRef = 33C72BC62B6D621B00D8DADD /* BaseCoordinator.swift */; };
		33C72BCC2B6D622700D8DADD /* ApplicationCoordinator.swift in Sources */ = {isa = PBXBuildFile; fileRef = 33C72BCB2B6D622700D8DADD /* ApplicationCoordinator.swift */; };
		33C72BD42B6D633800D8DADD /* DeepLinkOption.swift in Sources */ = {isa = PBXBuildFile; fileRef = 33C72BD32B6D633800D8DADD /* DeepLinkOption.swift */; };
		33C72C222B6D639B00D8DADD /* FlowNavigationController.swift in Sources */ = {isa = PBXBuildFile; fileRef = 33C72BD82B6D639B00D8DADD /* FlowNavigationController.swift */; };
		33C72C232B6D639B00D8DADD /* FavoritesCoordinatorOutput.swift in Sources */ = {isa = PBXBuildFile; fileRef = 33C72BDC2B6D639B00D8DADD /* FavoritesCoordinatorOutput.swift */; };
		33C72C242B6D639B00D8DADD /* FavoritesCoordinator.swift in Sources */ = {isa = PBXBuildFile; fileRef = 33C72BDD2B6D639B00D8DADD /* FavoritesCoordinator.swift */; };
		33C72C252B6D639B00D8DADD /* FavoritesAssembly.swift in Sources */ = {isa = PBXBuildFile; fileRef = 33C72BE12B6D639B00D8DADD /* FavoritesAssembly.swift */; };
		33C72C262B6D639B00D8DADD /* FavoritesAssemblyProtocol.swift in Sources */ = {isa = PBXBuildFile; fileRef = 33C72BE22B6D639B00D8DADD /* FavoritesAssemblyProtocol.swift */; };
		33C72C272B6D639B00D8DADD /* FavoritesPresenter.swift in Sources */ = {isa = PBXBuildFile; fileRef = 33C72BE42B6D639B00D8DADD /* FavoritesPresenter.swift */; };
		33C72C282B6D639B00D8DADD /* FavoritesViewInput.swift in Sources */ = {isa = PBXBuildFile; fileRef = 33C72BE62B6D639B00D8DADD /* FavoritesViewInput.swift */; };
		33C72C292B6D639B00D8DADD /* FavoritesViewController.swift in Sources */ = {isa = PBXBuildFile; fileRef = 33C72BE72B6D639B00D8DADD /* FavoritesViewController.swift */; };
		33C72C2A2B6D639B00D8DADD /* FavoritesViewCoordinatorOutput.swift in Sources */ = {isa = PBXBuildFile; fileRef = 33C72BE82B6D639B00D8DADD /* FavoritesViewCoordinatorOutput.swift */; };
		33C72C2B2B6D639B00D8DADD /* FavoritesViewOutput.swift in Sources */ = {isa = PBXBuildFile; fileRef = 33C72BE92B6D639B00D8DADD /* FavoritesViewOutput.swift */; };
		33C72C2C2B6D639B00D8DADD /* FavoritesInteractorOutput.swift in Sources */ = {isa = PBXBuildFile; fileRef = 33C72BEB2B6D639B00D8DADD /* FavoritesInteractorOutput.swift */; };
		33C72C2D2B6D639B00D8DADD /* FavoritesInteractorInput.swift in Sources */ = {isa = PBXBuildFile; fileRef = 33C72BEC2B6D639B00D8DADD /* FavoritesInteractorInput.swift */; };
		33C72C2E2B6D639B00D8DADD /* FavoritesInteractor.swift in Sources */ = {isa = PBXBuildFile; fileRef = 33C72BED2B6D639B00D8DADD /* FavoritesInteractor.swift */; };
		33C72C2F2B6D639B00D8DADD /* TabbarCoordinator.swift in Sources */ = {isa = PBXBuildFile; fileRef = 33C72BF02B6D639B00D8DADD /* TabbarCoordinator.swift */; };
		33C72C302B6D639B00D8DADD /* TabbarCoordinatorOutput.swift in Sources */ = {isa = PBXBuildFile; fileRef = 33C72BF12B6D639B00D8DADD /* TabbarCoordinatorOutput.swift */; };
		33C72C312B6D639B00D8DADD /* FlowTabbarAssembly.swift in Sources */ = {isa = PBXBuildFile; fileRef = 33C72BF42B6D639B00D8DADD /* FlowTabbarAssembly.swift */; };
		33C72C322B6D639B00D8DADD /* FlowTabbarAssemblyProtocol.swift in Sources */ = {isa = PBXBuildFile; fileRef = 33C72BF52B6D639B00D8DADD /* FlowTabbarAssemblyProtocol.swift */; };
		33C72C332B6D639B00D8DADD /* FlowTabbarPresenter.swift in Sources */ = {isa = PBXBuildFile; fileRef = 33C72BF72B6D639B00D8DADD /* FlowTabbarPresenter.swift */; };
		33C72C342B6D639B00D8DADD /* FlowTabbar.swift in Sources */ = {isa = PBXBuildFile; fileRef = 33C72BF92B6D639B00D8DADD /* FlowTabbar.swift */; };
		33C72C352B6D639B00D8DADD /* FlowTabbarCoordinatorOutput.swift in Sources */ = {isa = PBXBuildFile; fileRef = 33C72BFA2B6D639B00D8DADD /* FlowTabbarCoordinatorOutput.swift */; };
		33C72C362B6D639B00D8DADD /* FlowTabbarController.swift in Sources */ = {isa = PBXBuildFile; fileRef = 33C72BFB2B6D639B00D8DADD /* FlowTabbarController.swift */; };
		33C72C372B6D639B00D8DADD /* FlowTabbarViewInput.swift in Sources */ = {isa = PBXBuildFile; fileRef = 33C72BFC2B6D639B00D8DADD /* FlowTabbarViewInput.swift */; };
		33C72C382B6D639B00D8DADD /* FlowTabbarViewOutput.swift in Sources */ = {isa = PBXBuildFile; fileRef = 33C72BFD2B6D639B00D8DADD /* FlowTabbarViewOutput.swift */; };
		33C72C392B6D639B00D8DADD /* FlowTabbarInteractorOutput.swift in Sources */ = {isa = PBXBuildFile; fileRef = 33C72BFF2B6D639B00D8DADD /* FlowTabbarInteractorOutput.swift */; };
		33C72C3A2B6D639B00D8DADD /* FlowTabbarInteractorInput.swift in Sources */ = {isa = PBXBuildFile; fileRef = 33C72C002B6D639B00D8DADD /* FlowTabbarInteractorInput.swift */; };
		33C72C3B2B6D639B00D8DADD /* FlowTabbarInteractor.swift in Sources */ = {isa = PBXBuildFile; fileRef = 33C72C012B6D639B00D8DADD /* FlowTabbarInteractor.swift */; };
		33C72C3C2B6D639B00D8DADD /* GaleryCoordinatorOutput.swift in Sources */ = {isa = PBXBuildFile; fileRef = 33C72C042B6D639B00D8DADD /* GaleryCoordinatorOutput.swift */; };
		33C72C3D2B6D639B00D8DADD /* GaleryCoordinator.swift in Sources */ = {isa = PBXBuildFile; fileRef = 33C72C052B6D639B00D8DADD /* GaleryCoordinator.swift */; };
		33C72C3E2B6D639B00D8DADD /* GaleryAssembly.swift in Sources */ = {isa = PBXBuildFile; fileRef = 33C72C092B6D639B00D8DADD /* GaleryAssembly.swift */; };
		33C72C3F2B6D639B00D8DADD /* GaleryAssemblyProtocol.swift in Sources */ = {isa = PBXBuildFile; fileRef = 33C72C0A2B6D639B00D8DADD /* GaleryAssemblyProtocol.swift */; };
		33C72C402B6D639B00D8DADD /* GaleryPresenter.swift in Sources */ = {isa = PBXBuildFile; fileRef = 33C72C0C2B6D639B00D8DADD /* GaleryPresenter.swift */; };
		33C72C412B6D639B00D8DADD /* GaleryViewCoordinatorOutput.swift in Sources */ = {isa = PBXBuildFile; fileRef = 33C72C0E2B6D639B00D8DADD /* GaleryViewCoordinatorOutput.swift */; };
		33C72C422B6D639B00D8DADD /* GaleryViewOutput.swift in Sources */ = {isa = PBXBuildFile; fileRef = 33C72C0F2B6D639B00D8DADD /* GaleryViewOutput.swift */; };
		33C72C432B6D639B00D8DADD /* GaleryViewController.swift in Sources */ = {isa = PBXBuildFile; fileRef = 33C72C102B6D639B00D8DADD /* GaleryViewController.swift */; };
		33C72C442B6D639B00D8DADD /* GaleryViewInput.swift in Sources */ = {isa = PBXBuildFile; fileRef = 33C72C112B6D639B00D8DADD /* GaleryViewInput.swift */; };
		33C72C452B6D639B00D8DADD /* GaleryInteractorOutput.swift in Sources */ = {isa = PBXBuildFile; fileRef = 33C72C132B6D639B00D8DADD /* GaleryInteractorOutput.swift */; };
		33C72C462B6D639B00D8DADD /* GaleryInteractorInput.swift in Sources */ = {isa = PBXBuildFile; fileRef = 33C72C142B6D639B00D8DADD /* GaleryInteractorInput.swift */; };
		33C72C472B6D639B00D8DADD /* GaleryInteractor.swift in Sources */ = {isa = PBXBuildFile; fileRef = 33C72C152B6D639B00D8DADD /* GaleryInteractor.swift */; };
		33C72C482B6D639B00D8DADD /* FlowFactoryImp.swift in Sources */ = {isa = PBXBuildFile; fileRef = 33C72C192B6D639B00D8DADD /* FlowFactoryImp.swift */; };
		33C72C492B6D639B00D8DADD /* FavoritesFlowFactory.swift in Sources */ = {isa = PBXBuildFile; fileRef = 33C72C1A2B6D639B00D8DADD /* FavoritesFlowFactory.swift */; };
		33C72C4A2B6D639B00D8DADD /* GaleryFlowFactory.swift in Sources */ = {isa = PBXBuildFile; fileRef = 33C72C1B2B6D639B00D8DADD /* GaleryFlowFactory.swift */; };
		33C72C4B2B6D639B00D8DADD /* CoordinatorFactoryImpl.swift in Sources */ = {isa = PBXBuildFile; fileRef = 33C72C1D2B6D639B00D8DADD /* CoordinatorFactoryImpl.swift */; };
		33C72C4C2B6D639B00D8DADD /* CoordinatorFactory.swift in Sources */ = {isa = PBXBuildFile; fileRef = 33C72C1E2B6D639B00D8DADD /* CoordinatorFactory.swift */; };
		33C72C4D2B6D639B00D8DADD /* RouterImp.swift in Sources */ = {isa = PBXBuildFile; fileRef = 33C72C202B6D639B00D8DADD /* RouterImp.swift */; };
		33C72C4E2B6D639B00D8DADD /* Router.swift in Sources */ = {isa = PBXBuildFile; fileRef = 33C72C212B6D639B00D8DADD /* Router.swift */; };
		33C72C822B6DBFD800D8DADD /* PromiseKit in Frameworks */ = {isa = PBXBuildFile; productRef = 33C72C812B6DBFD800D8DADD /* PromiseKit */; };
		33C72C852B6DBFE800D8DADD /* Alamofire in Frameworks */ = {isa = PBXBuildFile; productRef = 33C72C842B6DBFE800D8DADD /* Alamofire */; };
		33C72C8A2B6E81FA00D8DADD /* APIRouter.swift in Sources */ = {isa = PBXBuildFile; fileRef = 33C72C892B6E81FA00D8DADD /* APIRouter.swift */; };
		33C72C902B6E878600D8DADD /* ConnectionSettings.swift in Sources */ = {isa = PBXBuildFile; fileRef = 33C72C8E2B6E878600D8DADD /* ConnectionSettings.swift */; };
		33C72C912B6E878600D8DADD /* SessionHelpers.swift in Sources */ = {isa = PBXBuildFile; fileRef = 33C72C8F2B6E878600D8DADD /* SessionHelpers.swift */; };
		33C72C962B6E879E00D8DADD /* APIHeaders.swift in Sources */ = {isa = PBXBuildFile; fileRef = 33C72C932B6E879E00D8DADD /* APIHeaders.swift */; };
		33C72C972B6E879E00D8DADD /* APIKeys.swift in Sources */ = {isa = PBXBuildFile; fileRef = 33C72C942B6E879E00D8DADD /* APIKeys.swift */; };
		33C72C9A2B6E8CE900D8DADD /* PhotoResponse.swift in Sources */ = {isa = PBXBuildFile; fileRef = 33C72C992B6E8CE900D8DADD /* PhotoResponse.swift */; };
		33C72C9E2B6EE62600D8DADD /* APIRouterStruct.swift in Sources */ = {isa = PBXBuildFile; fileRef = 33C72C9D2B6EE62600D8DADD /* APIRouterStruct.swift */; };
		33C72CAC2B6FBD5A00D8DADD /* PhotoCollectionViewCell.swift in Sources */ = {isa = PBXBuildFile; fileRef = 33C72CAB2B6FBD5A00D8DADD /* PhotoCollectionViewCell.swift */; };
		33C72CE32B724A1000D8DADD /* FullScreenImageAssemblyProtocol.swift in Sources */ = {isa = PBXBuildFile; fileRef = 33C72CD62B724A1000D8DADD /* FullScreenImageAssemblyProtocol.swift */; };
		33C72CE42B724A1000D8DADD /* FullScreenImageAssembly.swift in Sources */ = {isa = PBXBuildFile; fileRef = 33C72CD72B724A1000D8DADD /* FullScreenImageAssembly.swift */; };
		33C72CE52B724A1000D8DADD /* FullScreenImagePresenter.swift in Sources */ = {isa = PBXBuildFile; fileRef = 33C72CD92B724A1000D8DADD /* FullScreenImagePresenter.swift */; };
		33C72CE62B724A1000D8DADD /* FullScreenImageViewCoordinatorOutput.swift in Sources */ = {isa = PBXBuildFile; fileRef = 33C72CDB2B724A1000D8DADD /* FullScreenImageViewCoordinatorOutput.swift */; };
		33C72CE72B724A1000D8DADD /* FullScreenImageViewController.swift in Sources */ = {isa = PBXBuildFile; fileRef = 33C72CDC2B724A1000D8DADD /* FullScreenImageViewController.swift */; };
		33C72CE82B724A1000D8DADD /* FullScreenImageViewOutput.swift in Sources */ = {isa = PBXBuildFile; fileRef = 33C72CDD2B724A1000D8DADD /* FullScreenImageViewOutput.swift */; };
		33C72CE92B724A1000D8DADD /* FullScreenImageViewInput.swift in Sources */ = {isa = PBXBuildFile; fileRef = 33C72CDE2B724A1000D8DADD /* FullScreenImageViewInput.swift */; };
		33C72CEA2B724A1000D8DADD /* FullScreenImageInteractorInput.swift in Sources */ = {isa = PBXBuildFile; fileRef = 33C72CE02B724A1000D8DADD /* FullScreenImageInteractorInput.swift */; };
		33C72CEB2B724A1000D8DADD /* FullScreenImageInteractor.swift in Sources */ = {isa = PBXBuildFile; fileRef = 33C72CE12B724A1000D8DADD /* FullScreenImageInteractor.swift */; };
		33C72CEC2B724A1000D8DADD /* FullScreenImageInteractorOutput.swift in Sources */ = {isa = PBXBuildFile; fileRef = 33C72CE22B724A1000D8DADD /* FullScreenImageInteractorOutput.swift */; };
		33C72CF12B725D3200D8DADD /* TempImageStorage.swift in Sources */ = {isa = PBXBuildFile; fileRef = 33C72CF02B725D3200D8DADD /* TempImageStorage.swift */; };
		33C72CF32B725F0300D8DADD /* Photo.swift in Sources */ = {isa = PBXBuildFile; fileRef = 33C72CF22B725F0300D8DADD /* Photo.swift */; };
		33C72CF52B726F0400D8DADD /* PhotoCollectionView.swift in Sources */ = {isa = PBXBuildFile; fileRef = 33C72CF42B726F0400D8DADD /* PhotoCollectionView.swift */; };
		33C72CFA2B72745800D8DADD /* GaleryView.swift in Sources */ = {isa = PBXBuildFile; fileRef = 33C72CF92B72745800D8DADD /* GaleryView.swift */; };
		33C72CFD2B7287F300D8DADD /* FavoritesView.swift in Sources */ = {isa = PBXBuildFile; fileRef = 33C72CFC2B7287F300D8DADD /* FavoritesView.swift */; };
		33C72CFF2B72D6A100D8DADD /* ImageLoader.swift in Sources */ = {isa = PBXBuildFile; fileRef = 33C72CFE2B72D6A100D8DADD /* ImageLoader.swift */; };
		33C72D032B73F5D400D8DADD /* DBManager.swift in Sources */ = {isa = PBXBuildFile; fileRef = 33C72D022B73F5D400D8DADD /* DBManager.swift */; };
		33C72D052B73F63600D8DADD /* Realm in Frameworks */ = {isa = PBXBuildFile; productRef = 33C72D042B73F63600D8DADD /* Realm */; };
		33C72D072B73F63600D8DADD /* RealmSwift in Frameworks */ = {isa = PBXBuildFile; productRef = 33C72D062B73F63600D8DADD /* RealmSwift */; };
		33C72D092B73F68D00D8DADD /* DBPhotoCollection.swift in Sources */ = {isa = PBXBuildFile; fileRef = 33C72D082B73F68D00D8DADD /* DBPhotoCollection.swift */; };
		33C72D0B2B74E08A00D8DADD /* DBPhoto.swift in Sources */ = {isa = PBXBuildFile; fileRef = 33C72D0A2B74E08A00D8DADD /* DBPhoto.swift */; };
		33C72D112B7526BC00D8DADD /* DBCollecionNames.swift in Sources */ = {isa = PBXBuildFile; fileRef = 33C72D102B7526BC00D8DADD /* DBCollecionNames.swift */; };
		33C72D152B752CBA00D8DADD /* TopPanelView.swift in Sources */ = {isa = PBXBuildFile; fileRef = 33C72D142B752CBA00D8DADD /* TopPanelView.swift */; };
		33C72D182B752F6700D8DADD /* UIColor+Hex.swift in Sources */ = {isa = PBXBuildFile; fileRef = 33C72D172B752F6700D8DADD /* UIColor+Hex.swift */; };
		33C72D1A2B7533A200D8DADD /* EdgeShadowLayer.swift in Sources */ = {isa = PBXBuildFile; fileRef = 33C72D192B7533A200D8DADD /* EdgeShadowLayer.swift */; };
		33C72D1F2B75839A00D8DADD /* GradientTabbarButton.swift in Sources */ = {isa = PBXBuildFile; fileRef = 33C72D1E2B75839A00D8DADD /* GradientTabbarButton.swift */; };
		33C72D222B75FF0600D8DADD /* BottomTabbarView.swift in Sources */ = {isa = PBXBuildFile; fileRef = 33C72D212B75FF0600D8DADD /* BottomTabbarView.swift */; };
		33C72D262B7631EE00D8DADD /* Lobster-Regular.ttf in Resources */ = {isa = PBXBuildFile; fileRef = 33C72D252B7631ED00D8DADD /* Lobster-Regular.ttf */; };
		33C72D282B76448500D8DADD /* PhotosParameter.swift in Sources */ = {isa = PBXBuildFile; fileRef = 33C72D272B76448500D8DADD /* PhotosParameter.swift */; };
/* End PBXBuildFile section */

/* Begin PBXContainerItemProxy section */
		33C72B862B6D546A00D8DADD /* PBXContainerItemProxy */ = {
			isa = PBXContainerItemProxy;
			containerPortal = 33C72B672B6D546800D8DADD /* Project object */;
			proxyType = 1;
			remoteGlobalIDString = 33C72B6E2B6D546800D8DADD;
			remoteInfo = PickApp;
		};
		33C72B902B6D546B00D8DADD /* PBXContainerItemProxy */ = {
			isa = PBXContainerItemProxy;
			containerPortal = 33C72B672B6D546800D8DADD /* Project object */;
			proxyType = 1;
			remoteGlobalIDString = 33C72B6E2B6D546800D8DADD;
			remoteInfo = PickApp;
		};
/* End PBXContainerItemProxy section */

/* Begin PBXFileReference section */
		33C72B722B6D546800D8DADD /* AppDelegate.swift */ = {isa = PBXFileReference; lastKnownFileType = sourcecode.swift; path = AppDelegate.swift; sourceTree = "<group>"; };
		33C72B742B6D546800D8DADD /* SceneDelegate.swift */ = {isa = PBXFileReference; lastKnownFileType = sourcecode.swift; path = SceneDelegate.swift; sourceTree = "<group>"; };
		33C72B7B2B6D546A00D8DADD /* Assets.xcassets */ = {isa = PBXFileReference; lastKnownFileType = folder.assetcatalog; path = Assets.xcassets; sourceTree = "<group>"; };
		33C72B7E2B6D546A00D8DADD /* Base */ = {isa = PBXFileReference; lastKnownFileType = file.storyboard; name = Base; path = Base.lproj/LaunchScreen.storyboard; sourceTree = "<group>"; };
		33C72B802B6D546A00D8DADD /* Info.plist */ = {isa = PBXFileReference; lastKnownFileType = text.plist.xml; path = Info.plist; sourceTree = "<group>"; };
		33C72BC42B6D621B00D8DADD /* Coordinator.swift */ = {isa = PBXFileReference; fileEncoding = 4; lastKnownFileType = sourcecode.swift; path = Coordinator.swift; sourceTree = "<group>"; };
		33C72BC52B6D621B00D8DADD /* Presentable.swift */ = {isa = PBXFileReference; fileEncoding = 4; lastKnownFileType = sourcecode.swift; path = Presentable.swift; sourceTree = "<group>"; };
		33C72BC62B6D621B00D8DADD /* BaseCoordinator.swift */ = {isa = PBXFileReference; fileEncoding = 4; lastKnownFileType = sourcecode.swift; path = BaseCoordinator.swift; sourceTree = "<group>"; };
		33C72BCB2B6D622700D8DADD /* ApplicationCoordinator.swift */ = {isa = PBXFileReference; fileEncoding = 4; lastKnownFileType = sourcecode.swift; path = ApplicationCoordinator.swift; sourceTree = "<group>"; };
		33C72BD32B6D633800D8DADD /* DeepLinkOption.swift */ = {isa = PBXFileReference; fileEncoding = 4; lastKnownFileType = sourcecode.swift; path = DeepLinkOption.swift; sourceTree = "<group>"; };
		33C72BD82B6D639B00D8DADD /* FlowNavigationController.swift */ = {isa = PBXFileReference; fileEncoding = 4; lastKnownFileType = sourcecode.swift; path = FlowNavigationController.swift; sourceTree = "<group>"; };
		33C72BDC2B6D639B00D8DADD /* FavoritesCoordinatorOutput.swift */ = {isa = PBXFileReference; fileEncoding = 4; lastKnownFileType = sourcecode.swift; path = FavoritesCoordinatorOutput.swift; sourceTree = "<group>"; };
		33C72BDD2B6D639B00D8DADD /* FavoritesCoordinator.swift */ = {isa = PBXFileReference; fileEncoding = 4; lastKnownFileType = sourcecode.swift; path = FavoritesCoordinator.swift; sourceTree = "<group>"; };
		33C72BE12B6D639B00D8DADD /* FavoritesAssembly.swift */ = {isa = PBXFileReference; fileEncoding = 4; lastKnownFileType = sourcecode.swift; path = FavoritesAssembly.swift; sourceTree = "<group>"; };
		33C72BE22B6D639B00D8DADD /* FavoritesAssemblyProtocol.swift */ = {isa = PBXFileReference; fileEncoding = 4; lastKnownFileType = sourcecode.swift; path = FavoritesAssemblyProtocol.swift; sourceTree = "<group>"; };
		33C72BE42B6D639B00D8DADD /* FavoritesPresenter.swift */ = {isa = PBXFileReference; fileEncoding = 4; lastKnownFileType = sourcecode.swift; path = FavoritesPresenter.swift; sourceTree = "<group>"; };
		33C72BE62B6D639B00D8DADD /* FavoritesViewInput.swift */ = {isa = PBXFileReference; fileEncoding = 4; lastKnownFileType = sourcecode.swift; path = FavoritesViewInput.swift; sourceTree = "<group>"; };
		33C72BE72B6D639B00D8DADD /* FavoritesViewController.swift */ = {isa = PBXFileReference; fileEncoding = 4; lastKnownFileType = sourcecode.swift; path = FavoritesViewController.swift; sourceTree = "<group>"; };
		33C72BE82B6D639B00D8DADD /* FavoritesViewCoordinatorOutput.swift */ = {isa = PBXFileReference; fileEncoding = 4; lastKnownFileType = sourcecode.swift; path = FavoritesViewCoordinatorOutput.swift; sourceTree = "<group>"; };
		33C72BE92B6D639B00D8DADD /* FavoritesViewOutput.swift */ = {isa = PBXFileReference; fileEncoding = 4; lastKnownFileType = sourcecode.swift; path = FavoritesViewOutput.swift; sourceTree = "<group>"; };
		33C72BEB2B6D639B00D8DADD /* FavoritesInteractorOutput.swift */ = {isa = PBXFileReference; fileEncoding = 4; lastKnownFileType = sourcecode.swift; path = FavoritesInteractorOutput.swift; sourceTree = "<group>"; };
		33C72BEC2B6D639B00D8DADD /* FavoritesInteractorInput.swift */ = {isa = PBXFileReference; fileEncoding = 4; lastKnownFileType = sourcecode.swift; path = FavoritesInteractorInput.swift; sourceTree = "<group>"; };
		33C72BED2B6D639B00D8DADD /* FavoritesInteractor.swift */ = {isa = PBXFileReference; fileEncoding = 4; lastKnownFileType = sourcecode.swift; path = FavoritesInteractor.swift; sourceTree = "<group>"; };
		33C72BF02B6D639B00D8DADD /* TabbarCoordinator.swift */ = {isa = PBXFileReference; fileEncoding = 4; lastKnownFileType = sourcecode.swift; path = TabbarCoordinator.swift; sourceTree = "<group>"; };
		33C72BF12B6D639B00D8DADD /* TabbarCoordinatorOutput.swift */ = {isa = PBXFileReference; fileEncoding = 4; lastKnownFileType = sourcecode.swift; path = TabbarCoordinatorOutput.swift; sourceTree = "<group>"; };
		33C72BF42B6D639B00D8DADD /* FlowTabbarAssembly.swift */ = {isa = PBXFileReference; fileEncoding = 4; lastKnownFileType = sourcecode.swift; path = FlowTabbarAssembly.swift; sourceTree = "<group>"; };
		33C72BF52B6D639B00D8DADD /* FlowTabbarAssemblyProtocol.swift */ = {isa = PBXFileReference; fileEncoding = 4; lastKnownFileType = sourcecode.swift; path = FlowTabbarAssemblyProtocol.swift; sourceTree = "<group>"; };
		33C72BF72B6D639B00D8DADD /* FlowTabbarPresenter.swift */ = {isa = PBXFileReference; fileEncoding = 4; lastKnownFileType = sourcecode.swift; path = FlowTabbarPresenter.swift; sourceTree = "<group>"; };
		33C72BF92B6D639B00D8DADD /* FlowTabbar.swift */ = {isa = PBXFileReference; fileEncoding = 4; lastKnownFileType = sourcecode.swift; path = FlowTabbar.swift; sourceTree = "<group>"; };
		33C72BFA2B6D639B00D8DADD /* FlowTabbarCoordinatorOutput.swift */ = {isa = PBXFileReference; fileEncoding = 4; lastKnownFileType = sourcecode.swift; path = FlowTabbarCoordinatorOutput.swift; sourceTree = "<group>"; };
		33C72BFB2B6D639B00D8DADD /* FlowTabbarController.swift */ = {isa = PBXFileReference; fileEncoding = 4; lastKnownFileType = sourcecode.swift; path = FlowTabbarController.swift; sourceTree = "<group>"; };
		33C72BFC2B6D639B00D8DADD /* FlowTabbarViewInput.swift */ = {isa = PBXFileReference; fileEncoding = 4; lastKnownFileType = sourcecode.swift; path = FlowTabbarViewInput.swift; sourceTree = "<group>"; };
		33C72BFD2B6D639B00D8DADD /* FlowTabbarViewOutput.swift */ = {isa = PBXFileReference; fileEncoding = 4; lastKnownFileType = sourcecode.swift; path = FlowTabbarViewOutput.swift; sourceTree = "<group>"; };
		33C72BFF2B6D639B00D8DADD /* FlowTabbarInteractorOutput.swift */ = {isa = PBXFileReference; fileEncoding = 4; lastKnownFileType = sourcecode.swift; path = FlowTabbarInteractorOutput.swift; sourceTree = "<group>"; };
		33C72C002B6D639B00D8DADD /* FlowTabbarInteractorInput.swift */ = {isa = PBXFileReference; fileEncoding = 4; lastKnownFileType = sourcecode.swift; path = FlowTabbarInteractorInput.swift; sourceTree = "<group>"; };
		33C72C012B6D639B00D8DADD /* FlowTabbarInteractor.swift */ = {isa = PBXFileReference; fileEncoding = 4; lastKnownFileType = sourcecode.swift; path = FlowTabbarInteractor.swift; sourceTree = "<group>"; };
		33C72C042B6D639B00D8DADD /* GaleryCoordinatorOutput.swift */ = {isa = PBXFileReference; fileEncoding = 4; lastKnownFileType = sourcecode.swift; path = GaleryCoordinatorOutput.swift; sourceTree = "<group>"; };
		33C72C052B6D639B00D8DADD /* GaleryCoordinator.swift */ = {isa = PBXFileReference; fileEncoding = 4; lastKnownFileType = sourcecode.swift; path = GaleryCoordinator.swift; sourceTree = "<group>"; };
		33C72C092B6D639B00D8DADD /* GaleryAssembly.swift */ = {isa = PBXFileReference; fileEncoding = 4; lastKnownFileType = sourcecode.swift; path = GaleryAssembly.swift; sourceTree = "<group>"; };
		33C72C0A2B6D639B00D8DADD /* GaleryAssemblyProtocol.swift */ = {isa = PBXFileReference; fileEncoding = 4; lastKnownFileType = sourcecode.swift; path = GaleryAssemblyProtocol.swift; sourceTree = "<group>"; };
		33C72C0C2B6D639B00D8DADD /* GaleryPresenter.swift */ = {isa = PBXFileReference; fileEncoding = 4; lastKnownFileType = sourcecode.swift; path = GaleryPresenter.swift; sourceTree = "<group>"; };
		33C72C0E2B6D639B00D8DADD /* GaleryViewCoordinatorOutput.swift */ = {isa = PBXFileReference; fileEncoding = 4; lastKnownFileType = sourcecode.swift; path = GaleryViewCoordinatorOutput.swift; sourceTree = "<group>"; };
		33C72C0F2B6D639B00D8DADD /* GaleryViewOutput.swift */ = {isa = PBXFileReference; fileEncoding = 4; lastKnownFileType = sourcecode.swift; path = GaleryViewOutput.swift; sourceTree = "<group>"; };
		33C72C102B6D639B00D8DADD /* GaleryViewController.swift */ = {isa = PBXFileReference; fileEncoding = 4; lastKnownFileType = sourcecode.swift; path = GaleryViewController.swift; sourceTree = "<group>"; };
		33C72C112B6D639B00D8DADD /* GaleryViewInput.swift */ = {isa = PBXFileReference; fileEncoding = 4; lastKnownFileType = sourcecode.swift; path = GaleryViewInput.swift; sourceTree = "<group>"; };
		33C72C132B6D639B00D8DADD /* GaleryInteractorOutput.swift */ = {isa = PBXFileReference; fileEncoding = 4; lastKnownFileType = sourcecode.swift; path = GaleryInteractorOutput.swift; sourceTree = "<group>"; };
		33C72C142B6D639B00D8DADD /* GaleryInteractorInput.swift */ = {isa = PBXFileReference; fileEncoding = 4; lastKnownFileType = sourcecode.swift; path = GaleryInteractorInput.swift; sourceTree = "<group>"; };
		33C72C152B6D639B00D8DADD /* GaleryInteractor.swift */ = {isa = PBXFileReference; fileEncoding = 4; lastKnownFileType = sourcecode.swift; path = GaleryInteractor.swift; sourceTree = "<group>"; };
		33C72C192B6D639B00D8DADD /* FlowFactoryImp.swift */ = {isa = PBXFileReference; fileEncoding = 4; lastKnownFileType = sourcecode.swift; path = FlowFactoryImp.swift; sourceTree = "<group>"; };
		33C72C1A2B6D639B00D8DADD /* FavoritesFlowFactory.swift */ = {isa = PBXFileReference; fileEncoding = 4; lastKnownFileType = sourcecode.swift; path = FavoritesFlowFactory.swift; sourceTree = "<group>"; };
		33C72C1B2B6D639B00D8DADD /* GaleryFlowFactory.swift */ = {isa = PBXFileReference; fileEncoding = 4; lastKnownFileType = sourcecode.swift; path = GaleryFlowFactory.swift; sourceTree = "<group>"; };
		33C72C1D2B6D639B00D8DADD /* CoordinatorFactoryImpl.swift */ = {isa = PBXFileReference; fileEncoding = 4; lastKnownFileType = sourcecode.swift; path = CoordinatorFactoryImpl.swift; sourceTree = "<group>"; };
		33C72C1E2B6D639B00D8DADD /* CoordinatorFactory.swift */ = {isa = PBXFileReference; fileEncoding = 4; lastKnownFileType = sourcecode.swift; path = CoordinatorFactory.swift; sourceTree = "<group>"; };
		33C72C202B6D639B00D8DADD /* RouterImp.swift */ = {isa = PBXFileReference; fileEncoding = 4; lastKnownFileType = sourcecode.swift; path = RouterImp.swift; sourceTree = "<group>"; };
		33C72C212B6D639B00D8DADD /* Router.swift */ = {isa = PBXFileReference; fileEncoding = 4; lastKnownFileType = sourcecode.swift; path = Router.swift; sourceTree = "<group>"; };
		33C72C892B6E81FA00D8DADD /* APIRouter.swift */ = {isa = PBXFileReference; fileEncoding = 4; lastKnownFileType = sourcecode.swift; path = APIRouter.swift; sourceTree = "<group>"; };
		33C72C8E2B6E878600D8DADD /* ConnectionSettings.swift */ = {isa = PBXFileReference; fileEncoding = 4; lastKnownFileType = sourcecode.swift; path = ConnectionSettings.swift; sourceTree = "<group>"; };
		33C72C8F2B6E878600D8DADD /* SessionHelpers.swift */ = {isa = PBXFileReference; fileEncoding = 4; lastKnownFileType = sourcecode.swift; path = SessionHelpers.swift; sourceTree = "<group>"; };
		33C72C932B6E879E00D8DADD /* APIHeaders.swift */ = {isa = PBXFileReference; fileEncoding = 4; lastKnownFileType = sourcecode.swift; path = APIHeaders.swift; sourceTree = "<group>"; };
		33C72C942B6E879E00D8DADD /* APIKeys.swift */ = {isa = PBXFileReference; fileEncoding = 4; lastKnownFileType = sourcecode.swift; path = APIKeys.swift; sourceTree = "<group>"; };
		33C72C992B6E8CE900D8DADD /* PhotoResponse.swift */ = {isa = PBXFileReference; lastKnownFileType = sourcecode.swift; path = PhotoResponse.swift; sourceTree = "<group>"; };
		33C72C9D2B6EE62600D8DADD /* APIRouterStruct.swift */ = {isa = PBXFileReference; fileEncoding = 4; lastKnownFileType = sourcecode.swift; path = APIRouterStruct.swift; sourceTree = "<group>"; };
		33C72CA82B6FA31200D8DADD /* Pic App.app */ = {isa = PBXFileReference; explicitFileType = wrapper.application; includeInIndex = 0; path = "Pic App.app"; sourceTree = BUILT_PRODUCTS_DIR; };
		33C72CA92B6FA31200D8DADD /* PickAppTests.xctest */ = {isa = PBXFileReference; explicitFileType = wrapper.cfbundle; includeInIndex = 0; path = PickAppTests.xctest; sourceTree = BUILT_PRODUCTS_DIR; };
		33C72CAA2B6FA31200D8DADD /* PickAppUITests.xctest */ = {isa = PBXFileReference; explicitFileType = wrapper.cfbundle; includeInIndex = 0; path = PickAppUITests.xctest; sourceTree = BUILT_PRODUCTS_DIR; };
		33C72CAB2B6FBD5A00D8DADD /* PhotoCollectionViewCell.swift */ = {isa = PBXFileReference; lastKnownFileType = sourcecode.swift; path = PhotoCollectionViewCell.swift; sourceTree = "<group>"; };
		33C72CD62B724A1000D8DADD /* FullScreenImageAssemblyProtocol.swift */ = {isa = PBXFileReference; fileEncoding = 4; lastKnownFileType = sourcecode.swift; path = FullScreenImageAssemblyProtocol.swift; sourceTree = "<group>"; };
		33C72CD72B724A1000D8DADD /* FullScreenImageAssembly.swift */ = {isa = PBXFileReference; fileEncoding = 4; lastKnownFileType = sourcecode.swift; path = FullScreenImageAssembly.swift; sourceTree = "<group>"; };
		33C72CD92B724A1000D8DADD /* FullScreenImagePresenter.swift */ = {isa = PBXFileReference; fileEncoding = 4; lastKnownFileType = sourcecode.swift; path = FullScreenImagePresenter.swift; sourceTree = "<group>"; };
		33C72CDB2B724A1000D8DADD /* FullScreenImageViewCoordinatorOutput.swift */ = {isa = PBXFileReference; fileEncoding = 4; lastKnownFileType = sourcecode.swift; path = FullScreenImageViewCoordinatorOutput.swift; sourceTree = "<group>"; };
		33C72CDC2B724A1000D8DADD /* FullScreenImageViewController.swift */ = {isa = PBXFileReference; fileEncoding = 4; lastKnownFileType = sourcecode.swift; path = FullScreenImageViewController.swift; sourceTree = "<group>"; };
		33C72CDD2B724A1000D8DADD /* FullScreenImageViewOutput.swift */ = {isa = PBXFileReference; fileEncoding = 4; lastKnownFileType = sourcecode.swift; path = FullScreenImageViewOutput.swift; sourceTree = "<group>"; };
		33C72CDE2B724A1000D8DADD /* FullScreenImageViewInput.swift */ = {isa = PBXFileReference; fileEncoding = 4; lastKnownFileType = sourcecode.swift; path = FullScreenImageViewInput.swift; sourceTree = "<group>"; };
		33C72CE02B724A1000D8DADD /* FullScreenImageInteractorInput.swift */ = {isa = PBXFileReference; fileEncoding = 4; lastKnownFileType = sourcecode.swift; path = FullScreenImageInteractorInput.swift; sourceTree = "<group>"; };
		33C72CE12B724A1000D8DADD /* FullScreenImageInteractor.swift */ = {isa = PBXFileReference; fileEncoding = 4; lastKnownFileType = sourcecode.swift; path = FullScreenImageInteractor.swift; sourceTree = "<group>"; };
		33C72CE22B724A1000D8DADD /* FullScreenImageInteractorOutput.swift */ = {isa = PBXFileReference; fileEncoding = 4; lastKnownFileType = sourcecode.swift; path = FullScreenImageInteractorOutput.swift; sourceTree = "<group>"; };
		33C72CF02B725D3200D8DADD /* TempImageStorage.swift */ = {isa = PBXFileReference; lastKnownFileType = sourcecode.swift; path = TempImageStorage.swift; sourceTree = "<group>"; };
		33C72CF22B725F0300D8DADD /* Photo.swift */ = {isa = PBXFileReference; lastKnownFileType = sourcecode.swift; path = Photo.swift; sourceTree = "<group>"; };
		33C72CF42B726F0400D8DADD /* PhotoCollectionView.swift */ = {isa = PBXFileReference; lastKnownFileType = sourcecode.swift; path = PhotoCollectionView.swift; sourceTree = "<group>"; };
		33C72CF92B72745800D8DADD /* GaleryView.swift */ = {isa = PBXFileReference; lastKnownFileType = sourcecode.swift; path = GaleryView.swift; sourceTree = "<group>"; };
		33C72CFC2B7287F300D8DADD /* FavoritesView.swift */ = {isa = PBXFileReference; lastKnownFileType = sourcecode.swift; path = FavoritesView.swift; sourceTree = "<group>"; };
		33C72CFE2B72D6A100D8DADD /* ImageLoader.swift */ = {isa = PBXFileReference; lastKnownFileType = sourcecode.swift; path = ImageLoader.swift; sourceTree = "<group>"; };
		33C72D022B73F5D400D8DADD /* DBManager.swift */ = {isa = PBXFileReference; lastKnownFileType = sourcecode.swift; path = DBManager.swift; sourceTree = "<group>"; };
		33C72D082B73F68D00D8DADD /* DBPhotoCollection.swift */ = {isa = PBXFileReference; lastKnownFileType = sourcecode.swift; path = DBPhotoCollection.swift; sourceTree = "<group>"; };
		33C72D0A2B74E08A00D8DADD /* DBPhoto.swift */ = {isa = PBXFileReference; lastKnownFileType = sourcecode.swift; path = DBPhoto.swift; sourceTree = "<group>"; };
		33C72D102B7526BC00D8DADD /* DBCollecionNames.swift */ = {isa = PBXFileReference; lastKnownFileType = sourcecode.swift; path = DBCollecionNames.swift; sourceTree = "<group>"; };
		33C72D142B752CBA00D8DADD /* TopPanelView.swift */ = {isa = PBXFileReference; lastKnownFileType = sourcecode.swift; path = TopPanelView.swift; sourceTree = "<group>"; };
		33C72D172B752F6700D8DADD /* UIColor+Hex.swift */ = {isa = PBXFileReference; lastKnownFileType = sourcecode.swift; path = "UIColor+Hex.swift"; sourceTree = "<group>"; };
		33C72D192B7533A200D8DADD /* EdgeShadowLayer.swift */ = {isa = PBXFileReference; lastKnownFileType = sourcecode.swift; path = EdgeShadowLayer.swift; sourceTree = "<group>"; };
		33C72D1E2B75839A00D8DADD /* GradientTabbarButton.swift */ = {isa = PBXFileReference; lastKnownFileType = sourcecode.swift; path = GradientTabbarButton.swift; sourceTree = "<group>"; };
		33C72D212B75FF0600D8DADD /* BottomTabbarView.swift */ = {isa = PBXFileReference; lastKnownFileType = sourcecode.swift; path = BottomTabbarView.swift; sourceTree = "<group>"; };
		33C72D252B7631ED00D8DADD /* Lobster-Regular.ttf */ = {isa = PBXFileReference; lastKnownFileType = file; path = "Lobster-Regular.ttf"; sourceTree = "<group>"; };
		33C72D272B76448500D8DADD /* PhotosParameter.swift */ = {isa = PBXFileReference; lastKnownFileType = sourcecode.swift; path = PhotosParameter.swift; sourceTree = "<group>"; };
/* End PBXFileReference section */

/* Begin PBXFrameworksBuildPhase section */
		33C72B6C2B6D546800D8DADD /* Frameworks */ = {
			isa = PBXFrameworksBuildPhase;
			buildActionMask = 2147483647;
			files = (
				33C72D072B73F63600D8DADD /* RealmSwift in Frameworks */,
				33C72D052B73F63600D8DADD /* Realm in Frameworks */,
				33C72C822B6DBFD800D8DADD /* PromiseKit in Frameworks */,
				33C72C852B6DBFE800D8DADD /* Alamofire in Frameworks */,
			);
			runOnlyForDeploymentPostprocessing = 0;
		};
		33C72B822B6D546A00D8DADD /* Frameworks */ = {
			isa = PBXFrameworksBuildPhase;
			buildActionMask = 2147483647;
			files = (
			);
			runOnlyForDeploymentPostprocessing = 0;
		};
		33C72B8C2B6D546B00D8DADD /* Frameworks */ = {
			isa = PBXFrameworksBuildPhase;
			buildActionMask = 2147483647;
			files = (
			);
			runOnlyForDeploymentPostprocessing = 0;
		};
/* End PBXFrameworksBuildPhase section */

/* Begin PBXGroup section */
		33C72B662B6D546800D8DADD = {
			isa = PBXGroup;
			children = (
				33C72B712B6D546800D8DADD /* PickApp */,
				33C72CA82B6FA31200D8DADD /* Pic App.app */,
				33C72CA92B6FA31200D8DADD /* PickAppTests.xctest */,
				33C72CAA2B6FA31200D8DADD /* PickAppUITests.xctest */,
			);
			sourceTree = "<group>";
		};
		33C72B712B6D546800D8DADD /* PickApp */ = {
			isa = PBXGroup;
			children = (
				33C72BC22B6D61EB00D8DADD /* ApplicationLayer */,
				33C72C5D2B6DB45100D8DADD /* NetworkLayer */,
				33C72C162B6D639B00D8DADD /* BusinessLogicLayer */,
				33C72CEF2B725D1B00D8DADD /* DataLayer */,
				33C72BD52B6D639B00D8DADD /* PresentationLayer */,
				33C72BCE2B6D627500D8DADD /* Resources */,
				33C72BCD2B6D625500D8DADD /* Supporting Files */,
			);
			path = PickApp;
			sourceTree = "<group>";
		};
		33C72BC22B6D61EB00D8DADD /* ApplicationLayer */ = {
			isa = PBXGroup;
			children = (
				33C72B722B6D546800D8DADD /* AppDelegate.swift */,
				33C72B742B6D546800D8DADD /* SceneDelegate.swift */,
				33C72BC32B6D620900D8DADD /* Protocols */,
				33C72BCA2B6D622700D8DADD /* Coordinator */,
				33C72D162B752F4E00D8DADD /* Extensions */,
			);
			path = ApplicationLayer;
			sourceTree = "<group>";
		};
		33C72BC32B6D620900D8DADD /* Protocols */ = {
			isa = PBXGroup;
			children = (
				33C72BD32B6D633800D8DADD /* DeepLinkOption.swift */,
				33C72BC62B6D621B00D8DADD /* BaseCoordinator.swift */,
				33C72BC42B6D621B00D8DADD /* Coordinator.swift */,
				33C72BC52B6D621B00D8DADD /* Presentable.swift */,
			);
			path = Protocols;
			sourceTree = "<group>";
		};
		33C72BCA2B6D622700D8DADD /* Coordinator */ = {
			isa = PBXGroup;
			children = (
				33C72BCB2B6D622700D8DADD /* ApplicationCoordinator.swift */,
			);
			path = Coordinator;
			sourceTree = "<group>";
		};
		33C72BCD2B6D625500D8DADD /* Supporting Files */ = {
			isa = PBXGroup;
			children = (
				33C72B7D2B6D546A00D8DADD /* LaunchScreen.storyboard */,
				33C72B802B6D546A00D8DADD /* Info.plist */,
			);
			path = "Supporting Files";
			sourceTree = "<group>";
		};
		33C72BCE2B6D627500D8DADD /* Resources */ = {
			isa = PBXGroup;
			children = (
				33C72B7B2B6D546A00D8DADD /* Assets.xcassets */,
				33C72D252B7631ED00D8DADD /* Lobster-Regular.ttf */,
			);
			path = Resources;
			sourceTree = "<group>";
		};
		33C72BD52B6D639B00D8DADD /* PresentationLayer */ = {
			isa = PBXGroup;
			children = (
				33C72BD62B6D639B00D8DADD /* ReuseableComponents */,
				33C72BD92B6D639B00D8DADD /* Flows */,
			);
			path = PresentationLayer;
			sourceTree = "<group>";
		};
		33C72BD62B6D639B00D8DADD /* ReuseableComponents */ = {
			isa = PBXGroup;
			children = (
				33C72D132B752CA900D8DADD /* GradientViews */,
				33C72CF72B726FA900D8DADD /* PhotoCollectionView */,
				33C72BD72B6D639B00D8DADD /* FlowNavigationController */,
			);
			path = ReuseableComponents;
			sourceTree = "<group>";
		};
		33C72BD72B6D639B00D8DADD /* FlowNavigationController */ = {
			isa = PBXGroup;
			children = (
				33C72BD82B6D639B00D8DADD /* FlowNavigationController.swift */,
			);
			path = FlowNavigationController;
			sourceTree = "<group>";
		};
		33C72BD92B6D639B00D8DADD /* Flows */ = {
			isa = PBXGroup;
			children = (
				33C72BEE2B6D639B00D8DADD /* TabbarFlow */,
				33C72BDA2B6D639B00D8DADD /* FavoritesFlow */,
				33C72C022B6D639B00D8DADD /* GaleryFlow */,
			);
			path = Flows;
			sourceTree = "<group>";
		};
		33C72BDA2B6D639B00D8DADD /* FavoritesFlow */ = {
			isa = PBXGroup;
			children = (
				33C72BDB2B6D639B00D8DADD /* Coordinator */,
				33C72BDE2B6D639B00D8DADD /* Modules */,
			);
			path = FavoritesFlow;
			sourceTree = "<group>";
		};
		33C72BDB2B6D639B00D8DADD /* Coordinator */ = {
			isa = PBXGroup;
			children = (
				33C72BDC2B6D639B00D8DADD /* FavoritesCoordinatorOutput.swift */,
				33C72BDD2B6D639B00D8DADD /* FavoritesCoordinator.swift */,
			);
			path = Coordinator;
			sourceTree = "<group>";
		};
		33C72BDE2B6D639B00D8DADD /* Modules */ = {
			isa = PBXGroup;
			children = (
				33C72BDF2B6D639B00D8DADD /* Favorites */,
			);
			path = Modules;
			sourceTree = "<group>";
		};
		33C72BDF2B6D639B00D8DADD /* Favorites */ = {
			isa = PBXGroup;
			children = (
				33C72BE02B6D639B00D8DADD /* Assembly */,
				33C72BE32B6D639B00D8DADD /* Presenter */,
				33C72BE52B6D639B00D8DADD /* View */,
				33C72BEA2B6D639B00D8DADD /* Interactor */,
			);
			path = Favorites;
			sourceTree = "<group>";
		};
		33C72BE02B6D639B00D8DADD /* Assembly */ = {
			isa = PBXGroup;
			children = (
				33C72BE12B6D639B00D8DADD /* FavoritesAssembly.swift */,
				33C72BE22B6D639B00D8DADD /* FavoritesAssemblyProtocol.swift */,
			);
			path = Assembly;
			sourceTree = "<group>";
		};
		33C72BE32B6D639B00D8DADD /* Presenter */ = {
			isa = PBXGroup;
			children = (
				33C72BE42B6D639B00D8DADD /* FavoritesPresenter.swift */,
			);
			path = Presenter;
			sourceTree = "<group>";
		};
		33C72BE52B6D639B00D8DADD /* View */ = {
			isa = PBXGroup;
			children = (
				33C72BE62B6D639B00D8DADD /* FavoritesViewInput.swift */,
				33C72BE72B6D639B00D8DADD /* FavoritesViewController.swift */,
				33C72BE82B6D639B00D8DADD /* FavoritesViewCoordinatorOutput.swift */,
				33C72BE92B6D639B00D8DADD /* FavoritesViewOutput.swift */,
				33C72CFB2B72877F00D8DADD /* SubViews */,
			);
			path = View;
			sourceTree = "<group>";
		};
		33C72BEA2B6D639B00D8DADD /* Interactor */ = {
			isa = PBXGroup;
			children = (
				33C72BEB2B6D639B00D8DADD /* FavoritesInteractorOutput.swift */,
				33C72BEC2B6D639B00D8DADD /* FavoritesInteractorInput.swift */,
				33C72BED2B6D639B00D8DADD /* FavoritesInteractor.swift */,
			);
			path = Interactor;
			sourceTree = "<group>";
		};
		33C72BEE2B6D639B00D8DADD /* TabbarFlow */ = {
			isa = PBXGroup;
			children = (
				33C72BEF2B6D639B00D8DADD /* Coordinator */,
				33C72BF22B6D639B00D8DADD /* Module */,
			);
			path = TabbarFlow;
			sourceTree = "<group>";
		};
		33C72BEF2B6D639B00D8DADD /* Coordinator */ = {
			isa = PBXGroup;
			children = (
				33C72BF02B6D639B00D8DADD /* TabbarCoordinator.swift */,
				33C72BF12B6D639B00D8DADD /* TabbarCoordinatorOutput.swift */,
			);
			path = Coordinator;
			sourceTree = "<group>";
		};
		33C72BF22B6D639B00D8DADD /* Module */ = {
			isa = PBXGroup;
			children = (
				33C72BF32B6D639B00D8DADD /* Assembly */,
				33C72BF62B6D639B00D8DADD /* Presenter */,
				33C72BF82B6D639B00D8DADD /* View */,
				33C72BFE2B6D639B00D8DADD /* Interactor */,
			);
			path = Module;
			sourceTree = "<group>";
		};
		33C72BF32B6D639B00D8DADD /* Assembly */ = {
			isa = PBXGroup;
			children = (
				33C72BF42B6D639B00D8DADD /* FlowTabbarAssembly.swift */,
				33C72BF52B6D639B00D8DADD /* FlowTabbarAssemblyProtocol.swift */,
			);
			path = Assembly;
			sourceTree = "<group>";
		};
		33C72BF62B6D639B00D8DADD /* Presenter */ = {
			isa = PBXGroup;
			children = (
				33C72BF72B6D639B00D8DADD /* FlowTabbarPresenter.swift */,
			);
			path = Presenter;
			sourceTree = "<group>";
		};
		33C72BF82B6D639B00D8DADD /* View */ = {
			isa = PBXGroup;
			children = (
				33C72BF92B6D639B00D8DADD /* FlowTabbar.swift */,
				33C72BFA2B6D639B00D8DADD /* FlowTabbarCoordinatorOutput.swift */,
				33C72BFB2B6D639B00D8DADD /* FlowTabbarController.swift */,
				33C72BFC2B6D639B00D8DADD /* FlowTabbarViewInput.swift */,
				33C72BFD2B6D639B00D8DADD /* FlowTabbarViewOutput.swift */,
				33C72D202B75FEA700D8DADD /* SubViews */,
			);
			path = View;
			sourceTree = "<group>";
		};
		33C72BFE2B6D639B00D8DADD /* Interactor */ = {
			isa = PBXGroup;
			children = (
				33C72BFF2B6D639B00D8DADD /* FlowTabbarInteractorOutput.swift */,
				33C72C002B6D639B00D8DADD /* FlowTabbarInteractorInput.swift */,
				33C72C012B6D639B00D8DADD /* FlowTabbarInteractor.swift */,
			);
			path = Interactor;
			sourceTree = "<group>";
		};
		33C72C022B6D639B00D8DADD /* GaleryFlow */ = {
			isa = PBXGroup;
			children = (
				33C72C032B6D639B00D8DADD /* Coordinator */,
				33C72C062B6D639B00D8DADD /* Modules */,
			);
			path = GaleryFlow;
			sourceTree = "<group>";
		};
		33C72C032B6D639B00D8DADD /* Coordinator */ = {
			isa = PBXGroup;
			children = (
				33C72C042B6D639B00D8DADD /* GaleryCoordinatorOutput.swift */,
				33C72C052B6D639B00D8DADD /* GaleryCoordinator.swift */,
			);
			path = Coordinator;
			sourceTree = "<group>";
		};
		33C72C062B6D639B00D8DADD /* Modules */ = {
			isa = PBXGroup;
			children = (
				33C72CD42B724A1000D8DADD /* FullScreenImage */,
				33C72C072B6D639B00D8DADD /* Galery */,
			);
			path = Modules;
			sourceTree = "<group>";
		};
		33C72C072B6D639B00D8DADD /* Galery */ = {
			isa = PBXGroup;
			children = (
				33C72C082B6D639B00D8DADD /* Assembly */,
				33C72C0B2B6D639B00D8DADD /* Presenter */,
				33C72C0D2B6D639B00D8DADD /* View */,
				33C72C122B6D639B00D8DADD /* Interactor */,
			);
			path = Galery;
			sourceTree = "<group>";
		};
		33C72C082B6D639B00D8DADD /* Assembly */ = {
			isa = PBXGroup;
			children = (
				33C72C092B6D639B00D8DADD /* GaleryAssembly.swift */,
				33C72C0A2B6D639B00D8DADD /* GaleryAssemblyProtocol.swift */,
			);
			path = Assembly;
			sourceTree = "<group>";
		};
		33C72C0B2B6D639B00D8DADD /* Presenter */ = {
			isa = PBXGroup;
			children = (
				33C72C0C2B6D639B00D8DADD /* GaleryPresenter.swift */,
			);
			path = Presenter;
			sourceTree = "<group>";
		};
		33C72C0D2B6D639B00D8DADD /* View */ = {
			isa = PBXGroup;
			children = (
				33C72C0E2B6D639B00D8DADD /* GaleryViewCoordinatorOutput.swift */,
				33C72C0F2B6D639B00D8DADD /* GaleryViewOutput.swift */,
				33C72C102B6D639B00D8DADD /* GaleryViewController.swift */,
				33C72C112B6D639B00D8DADD /* GaleryViewInput.swift */,
				33C72CF82B72744A00D8DADD /* SubViews */,
			);
			path = View;
			sourceTree = "<group>";
		};
		33C72C122B6D639B00D8DADD /* Interactor */ = {
			isa = PBXGroup;
			children = (
				33C72C132B6D639B00D8DADD /* GaleryInteractorOutput.swift */,
				33C72C142B6D639B00D8DADD /* GaleryInteractorInput.swift */,
				33C72C152B6D639B00D8DADD /* GaleryInteractor.swift */,
			);
			path = Interactor;
			sourceTree = "<group>";
		};
		33C72C162B6D639B00D8DADD /* BusinessLogicLayer */ = {
			isa = PBXGroup;
			children = (
				33C72C172B6D639B00D8DADD /* Factories */,
				33C72C1F2B6D639B00D8DADD /* Routing */,
			);
			path = BusinessLogicLayer;
			sourceTree = "<group>";
		};
		33C72C172B6D639B00D8DADD /* Factories */ = {
			isa = PBXGroup;
			children = (
				33C72C182B6D639B00D8DADD /* FlowFactory */,
				33C72C1C2B6D639B00D8DADD /* CoordinatorFactory */,
			);
			path = Factories;
			sourceTree = "<group>";
		};
		33C72C182B6D639B00D8DADD /* FlowFactory */ = {
			isa = PBXGroup;
			children = (
				33C72C192B6D639B00D8DADD /* FlowFactoryImp.swift */,
				33C72C1A2B6D639B00D8DADD /* FavoritesFlowFactory.swift */,
				33C72C1B2B6D639B00D8DADD /* GaleryFlowFactory.swift */,
			);
			path = FlowFactory;
			sourceTree = "<group>";
		};
		33C72C1C2B6D639B00D8DADD /* CoordinatorFactory */ = {
			isa = PBXGroup;
			children = (
				33C72C1D2B6D639B00D8DADD /* CoordinatorFactoryImpl.swift */,
				33C72C1E2B6D639B00D8DADD /* CoordinatorFactory.swift */,
			);
			path = CoordinatorFactory;
			sourceTree = "<group>";
		};
		33C72C1F2B6D639B00D8DADD /* Routing */ = {
			isa = PBXGroup;
			children = (
				33C72C202B6D639B00D8DADD /* RouterImp.swift */,
				33C72C212B6D639B00D8DADD /* Router.swift */,
			);
			path = Routing;
			sourceTree = "<group>";
		};
		33C72C5D2B6DB45100D8DADD /* NetworkLayer */ = {
			isa = PBXGroup;
			children = (
				33C72C892B6E81FA00D8DADD /* APIRouter.swift */,
				33C72C9D2B6EE62600D8DADD /* APIRouterStruct.swift */,
				33C72C8D2B6E878600D8DADD /* APIHelpers */,
				33C72C922B6E879E00D8DADD /* APIModel */,
				33C72C8B2B6E85E700D8DADD /* Response Model */,
				33C72D0E2B75267600D8DADD /* ImageLoader */,
			);
			path = NetworkLayer;
			sourceTree = "<group>";
		};
		33C72C8B2B6E85E700D8DADD /* Response Model */ = {
			isa = PBXGroup;
			children = (
				33C72C992B6E8CE900D8DADD /* PhotoResponse.swift */,
				33C72D272B76448500D8DADD /* PhotosParameter.swift */,
			);
			path = "Response Model";
			sourceTree = "<group>";
		};
		33C72C8D2B6E878600D8DADD /* APIHelpers */ = {
			isa = PBXGroup;
			children = (
				33C72C8E2B6E878600D8DADD /* ConnectionSettings.swift */,
				33C72C8F2B6E878600D8DADD /* SessionHelpers.swift */,
			);
			path = APIHelpers;
			sourceTree = "<group>";
		};
		33C72C922B6E879E00D8DADD /* APIModel */ = {
			isa = PBXGroup;
			children = (
				33C72C932B6E879E00D8DADD /* APIHeaders.swift */,
				33C72C942B6E879E00D8DADD /* APIKeys.swift */,
			);
			path = APIModel;
			sourceTree = "<group>";
		};
		33C72CD42B724A1000D8DADD /* FullScreenImage */ = {
			isa = PBXGroup;
			children = (
				33C72CD52B724A1000D8DADD /* Assembly */,
				33C72CD82B724A1000D8DADD /* Presenter */,
				33C72CDA2B724A1000D8DADD /* View */,
				33C72CDF2B724A1000D8DADD /* Interactor */,
			);
			path = FullScreenImage;
			sourceTree = "<group>";
		};
		33C72CD52B724A1000D8DADD /* Assembly */ = {
			isa = PBXGroup;
			children = (
				33C72CD62B724A1000D8DADD /* FullScreenImageAssemblyProtocol.swift */,
				33C72CD72B724A1000D8DADD /* FullScreenImageAssembly.swift */,
			);
			path = Assembly;
			sourceTree = "<group>";
		};
		33C72CD82B724A1000D8DADD /* Presenter */ = {
			isa = PBXGroup;
			children = (
				33C72CD92B724A1000D8DADD /* FullScreenImagePresenter.swift */,
			);
			path = Presenter;
			sourceTree = "<group>";
		};
		33C72CDA2B724A1000D8DADD /* View */ = {
			isa = PBXGroup;
			children = (
				33C72CDB2B724A1000D8DADD /* FullScreenImageViewCoordinatorOutput.swift */,
				33C72CDC2B724A1000D8DADD /* FullScreenImageViewController.swift */,
				33C72CDD2B724A1000D8DADD /* FullScreenImageViewOutput.swift */,
				33C72CDE2B724A1000D8DADD /* FullScreenImageViewInput.swift */,
			);
			path = View;
			sourceTree = "<group>";
		};
		33C72CDF2B724A1000D8DADD /* Interactor */ = {
			isa = PBXGroup;
			children = (
				33C72CE02B724A1000D8DADD /* FullScreenImageInteractorInput.swift */,
				33C72CE12B724A1000D8DADD /* FullScreenImageInteractor.swift */,
				33C72CE22B724A1000D8DADD /* FullScreenImageInteractorOutput.swift */,
			);
			path = Interactor;
			sourceTree = "<group>";
		};
		33C72CEF2B725D1B00D8DADD /* DataLayer */ = {
			isa = PBXGroup;
			children = (
				33C72D0F2B75269F00D8DADD /* LocalDB */,
				33C72D002B72F79000D8DADD /* Model */,
			);
			path = DataLayer;
			sourceTree = "<group>";
		};
		33C72CF72B726FA900D8DADD /* PhotoCollectionView */ = {
			isa = PBXGroup;
			children = (
				33C72CF42B726F0400D8DADD /* PhotoCollectionView.swift */,
				33C72CAB2B6FBD5A00D8DADD /* PhotoCollectionViewCell.swift */,
			);
			path = PhotoCollectionView;
			sourceTree = "<group>";
		};
		33C72CF82B72744A00D8DADD /* SubViews */ = {
			isa = PBXGroup;
			children = (
				33C72CF92B72745800D8DADD /* GaleryView.swift */,
			);
			path = SubViews;
			sourceTree = "<group>";
		};
		33C72CFB2B72877F00D8DADD /* SubViews */ = {
			isa = PBXGroup;
			children = (
				33C72CFC2B7287F300D8DADD /* FavoritesView.swift */,
			);
			path = SubViews;
			sourceTree = "<group>";
		};
		33C72D002B72F79000D8DADD /* Model */ = {
			isa = PBXGroup;
			children = (
				33C72CF22B725F0300D8DADD /* Photo.swift */,
			);
			path = Model;
			sourceTree = "<group>";
		};
		33C72D0E2B75267600D8DADD /* ImageLoader */ = {
			isa = PBXGroup;
			children = (
				33C72CFE2B72D6A100D8DADD /* ImageLoader.swift */,
				33C72CF02B725D3200D8DADD /* TempImageStorage.swift */,
			);
			path = ImageLoader;
			sourceTree = "<group>";
		};
		33C72D0F2B75269F00D8DADD /* LocalDB */ = {
			isa = PBXGroup;
			children = (
				33C72D022B73F5D400D8DADD /* DBManager.swift */,
				33C72D082B73F68D00D8DADD /* DBPhotoCollection.swift */,
				33C72D102B7526BC00D8DADD /* DBCollecionNames.swift */,
				33C72D0A2B74E08A00D8DADD /* DBPhoto.swift */,
			);
			path = LocalDB;
			sourceTree = "<group>";
		};
		33C72D132B752CA900D8DADD /* GradientViews */ = {
			isa = PBXGroup;
			children = (
				33C72D142B752CBA00D8DADD /* TopPanelView.swift */,
				33C72D1E2B75839A00D8DADD /* GradientTabbarButton.swift */,
				33C72D192B7533A200D8DADD /* EdgeShadowLayer.swift */,
			);
			path = GradientViews;
			sourceTree = "<group>";
		};
		33C72D162B752F4E00D8DADD /* Extensions */ = {
			isa = PBXGroup;
			children = (
				33C72D172B752F6700D8DADD /* UIColor+Hex.swift */,
			);
			path = Extensions;
			sourceTree = "<group>";
		};
		33C72D202B75FEA700D8DADD /* SubViews */ = {
			isa = PBXGroup;
			children = (
				33C72D212B75FF0600D8DADD /* BottomTabbarView.swift */,
			);
			path = SubViews;
			sourceTree = "<group>";
		};
/* End PBXGroup section */

/* Begin PBXNativeTarget section */
		33C72B6E2B6D546800D8DADD /* PickApp */ = {
			isa = PBXNativeTarget;
			buildConfigurationList = 33C72B992B6D546B00D8DADD /* Build configuration list for PBXNativeTarget "PickApp" */;
			buildPhases = (
				33C72B6B2B6D546800D8DADD /* Sources */,
				33C72B6C2B6D546800D8DADD /* Frameworks */,
				33C72B6D2B6D546800D8DADD /* Resources */,
			);
			buildRules = (
			);
			dependencies = (
			);
			name = PickApp;
			packageProductDependencies = (
				33C72C812B6DBFD800D8DADD /* PromiseKit */,
				33C72C842B6DBFE800D8DADD /* Alamofire */,
				33C72D042B73F63600D8DADD /* Realm */,
				33C72D062B73F63600D8DADD /* RealmSwift */,
			);
			productName = PickApp;
			productReference = 33C72CA82B6FA31200D8DADD /* Pic App.app */;
			productType = "com.apple.product-type.application";
		};
		33C72B842B6D546A00D8DADD /* PickAppTests */ = {
			isa = PBXNativeTarget;
			buildConfigurationList = 33C72B9C2B6D546B00D8DADD /* Build configuration list for PBXNativeTarget "PickAppTests" */;
			buildPhases = (
				33C72B812B6D546A00D8DADD /* Sources */,
				33C72B822B6D546A00D8DADD /* Frameworks */,
				33C72B832B6D546A00D8DADD /* Resources */,
			);
			buildRules = (
			);
			dependencies = (
				33C72B872B6D546A00D8DADD /* PBXTargetDependency */,
			);
			name = PickAppTests;
			productName = PickAppTests;
			productReference = 33C72CA92B6FA31200D8DADD /* PickAppTests.xctest */;
			productType = "com.apple.product-type.bundle.unit-test";
		};
		33C72B8E2B6D546B00D8DADD /* PickAppUITests */ = {
			isa = PBXNativeTarget;
			buildConfigurationList = 33C72B9F2B6D546B00D8DADD /* Build configuration list for PBXNativeTarget "PickAppUITests" */;
			buildPhases = (
				33C72B8B2B6D546B00D8DADD /* Sources */,
				33C72B8C2B6D546B00D8DADD /* Frameworks */,
				33C72B8D2B6D546B00D8DADD /* Resources */,
			);
			buildRules = (
			);
			dependencies = (
				33C72B912B6D546B00D8DADD /* PBXTargetDependency */,
			);
			name = PickAppUITests;
			productName = PickAppUITests;
			productReference = 33C72CAA2B6FA31200D8DADD /* PickAppUITests.xctest */;
			productType = "com.apple.product-type.bundle.ui-testing";
		};
/* End PBXNativeTarget section */

/* Begin PBXProject section */
		33C72B672B6D546800D8DADD /* Project object */ = {
			isa = PBXProject;
			attributes = {
				BuildIndependentTargetsInParallel = 1;
				LastSwiftUpdateCheck = 1520;
				LastUpgradeCheck = 1520;
				TargetAttributes = {
					33C72B6E2B6D546800D8DADD = {
						CreatedOnToolsVersion = 15.2;
					};
					33C72B842B6D546A00D8DADD = {
						CreatedOnToolsVersion = 15.2;
						TestTargetID = 33C72B6E2B6D546800D8DADD;
					};
					33C72B8E2B6D546B00D8DADD = {
						CreatedOnToolsVersion = 15.2;
						TestTargetID = 33C72B6E2B6D546800D8DADD;
					};
				};
			};
			buildConfigurationList = 33C72B6A2B6D546800D8DADD /* Build configuration list for PBXProject "PickApp" */;
			compatibilityVersion = "Xcode 14.0";
			developmentRegion = en;
			hasScannedForEncodings = 0;
			knownRegions = (
				en,
				Base,
			);
			mainGroup = 33C72B662B6D546800D8DADD;
			packageReferences = (
				33C72BA22B6D5B4200D8DADD /* XCRemoteSwiftPackageReference "SwiftLint" */,
				33C72C802B6DBFD800D8DADD /* XCRemoteSwiftPackageReference "PromiseKit" */,
				33C72C832B6DBFE800D8DADD /* XCRemoteSwiftPackageReference "Alamofire" */,
				33C72D012B72F9F700D8DADD /* XCRemoteSwiftPackageReference "realm-swift" */,
			);
			productRefGroup = 33C72B662B6D546800D8DADD;
			projectDirPath = "";
			projectRoot = "";
			targets = (
				33C72B6E2B6D546800D8DADD /* PickApp */,
				33C72B842B6D546A00D8DADD /* PickAppTests */,
				33C72B8E2B6D546B00D8DADD /* PickAppUITests */,
			);
		};
/* End PBXProject section */

/* Begin PBXResourcesBuildPhase section */
		33C72B6D2B6D546800D8DADD /* Resources */ = {
			isa = PBXResourcesBuildPhase;
			buildActionMask = 2147483647;
			files = (
				33C72B7F2B6D546A00D8DADD /* LaunchScreen.storyboard in Resources */,
				33C72D262B7631EE00D8DADD /* Lobster-Regular.ttf in Resources */,
				33C72B7C2B6D546A00D8DADD /* Assets.xcassets in Resources */,
			);
			runOnlyForDeploymentPostprocessing = 0;
		};
		33C72B832B6D546A00D8DADD /* Resources */ = {
			isa = PBXResourcesBuildPhase;
			buildActionMask = 2147483647;
			files = (
			);
			runOnlyForDeploymentPostprocessing = 0;
		};
		33C72B8D2B6D546B00D8DADD /* Resources */ = {
			isa = PBXResourcesBuildPhase;
			buildActionMask = 2147483647;
			files = (
			);
			runOnlyForDeploymentPostprocessing = 0;
		};
/* End PBXResourcesBuildPhase section */

/* Begin PBXSourcesBuildPhase section */
		33C72B6B2B6D546800D8DADD /* Sources */ = {
			isa = PBXSourcesBuildPhase;
			buildActionMask = 2147483647;
			files = (
				33C72C282B6D639B00D8DADD /* FavoritesViewInput.swift in Sources */,
				33C72C2B2B6D639B00D8DADD /* FavoritesViewOutput.swift in Sources */,
				33C72BC72B6D621B00D8DADD /* Coordinator.swift in Sources */,
				33C72C4B2B6D639B00D8DADD /* CoordinatorFactoryImpl.swift in Sources */,
				33C72C312B6D639B00D8DADD /* FlowTabbarAssembly.swift in Sources */,
				33C72CEB2B724A1000D8DADD /* FullScreenImageInteractor.swift in Sources */,
				33C72C3B2B6D639B00D8DADD /* FlowTabbarInteractor.swift in Sources */,
				33C72C242B6D639B00D8DADD /* FavoritesCoordinator.swift in Sources */,
				33C72CE52B724A1000D8DADD /* FullScreenImagePresenter.swift in Sources */,
				33C72B732B6D546800D8DADD /* AppDelegate.swift in Sources */,
				33C72C272B6D639B00D8DADD /* FavoritesPresenter.swift in Sources */,
				33C72C972B6E879E00D8DADD /* APIKeys.swift in Sources */,
				33C72CE42B724A1000D8DADD /* FullScreenImageAssembly.swift in Sources */,
				33C72C2C2B6D639B00D8DADD /* FavoritesInteractorOutput.swift in Sources */,
				33C72C4A2B6D639B00D8DADD /* GaleryFlowFactory.swift in Sources */,
				33C72C372B6D639B00D8DADD /* FlowTabbarViewInput.swift in Sources */,
				33C72C4E2B6D639B00D8DADD /* Router.swift in Sources */,
				33C72C4D2B6D639B00D8DADD /* RouterImp.swift in Sources */,
				33C72C8A2B6E81FA00D8DADD /* APIRouter.swift in Sources */,
				33C72C3A2B6D639B00D8DADD /* FlowTabbarInteractorInput.swift in Sources */,
				33C72CFD2B7287F300D8DADD /* FavoritesView.swift in Sources */,
				33C72D1F2B75839A00D8DADD /* GradientTabbarButton.swift in Sources */,
				33C72C2F2B6D639B00D8DADD /* TabbarCoordinator.swift in Sources */,
				33C72C3D2B6D639B00D8DADD /* GaleryCoordinator.swift in Sources */,
				33C72D182B752F6700D8DADD /* UIColor+Hex.swift in Sources */,
				33C72C2E2B6D639B00D8DADD /* FavoritesInteractor.swift in Sources */,
				33C72C352B6D639B00D8DADD /* FlowTabbarCoordinatorOutput.swift in Sources */,
				33C72C252B6D639B00D8DADD /* FavoritesAssembly.swift in Sources */,
				33C72D092B73F68D00D8DADD /* DBPhotoCollection.swift in Sources */,
				33C72D112B7526BC00D8DADD /* DBCollecionNames.swift in Sources */,
				33C72CEA2B724A1000D8DADD /* FullScreenImageInteractorInput.swift in Sources */,
				33C72CF52B726F0400D8DADD /* PhotoCollectionView.swift in Sources */,
				33C72C3F2B6D639B00D8DADD /* GaleryAssemblyProtocol.swift in Sources */,
				33C72CE82B724A1000D8DADD /* FullScreenImageViewOutput.swift in Sources */,
				33C72D1A2B7533A200D8DADD /* EdgeShadowLayer.swift in Sources */,
				33C72B752B6D546800D8DADD /* SceneDelegate.swift in Sources */,
				33C72CFA2B72745800D8DADD /* GaleryView.swift in Sources */,
				33C72BC92B6D621B00D8DADD /* BaseCoordinator.swift in Sources */,
				33C72C3E2B6D639B00D8DADD /* GaleryAssembly.swift in Sources */,
				33C72C962B6E879E00D8DADD /* APIHeaders.swift in Sources */,
				33C72D282B76448500D8DADD /* PhotosParameter.swift in Sources */,
				33C72CEC2B724A1000D8DADD /* FullScreenImageInteractorOutput.swift in Sources */,
				33C72D152B752CBA00D8DADD /* TopPanelView.swift in Sources */,
				33C72C292B6D639B00D8DADD /* FavoritesViewController.swift in Sources */,
				33C72C9A2B6E8CE900D8DADD /* PhotoResponse.swift in Sources */,
				33C72C902B6E878600D8DADD /* ConnectionSettings.swift in Sources */,
				33C72C3C2B6D639B00D8DADD /* GaleryCoordinatorOutput.swift in Sources */,
				33C72C232B6D639B00D8DADD /* FavoritesCoordinatorOutput.swift in Sources */,
				33C72C2D2B6D639B00D8DADD /* FavoritesInteractorInput.swift in Sources */,
				33C72CE32B724A1000D8DADD /* FullScreenImageAssemblyProtocol.swift in Sources */,
				33C72C462B6D639B00D8DADD /* GaleryInteractorInput.swift in Sources */,
				33C72C362B6D639B00D8DADD /* FlowTabbarController.swift in Sources */,
				33C72BD42B6D633800D8DADD /* DeepLinkOption.swift in Sources */,
				33C72C442B6D639B00D8DADD /* GaleryViewInput.swift in Sources */,
				33C72CE72B724A1000D8DADD /* FullScreenImageViewController.swift in Sources */,
				33C72C262B6D639B00D8DADD /* FavoritesAssemblyProtocol.swift in Sources */,
				33C72CE62B724A1000D8DADD /* FullScreenImageViewCoordinatorOutput.swift in Sources */,
				33C72C9E2B6EE62600D8DADD /* APIRouterStruct.swift in Sources */,
				33C72CF32B725F0300D8DADD /* Photo.swift in Sources */,
				33C72C322B6D639B00D8DADD /* FlowTabbarAssemblyProtocol.swift in Sources */,
				33C72C222B6D639B00D8DADD /* FlowNavigationController.swift in Sources */,
				33C72CAC2B6FBD5A00D8DADD /* PhotoCollectionViewCell.swift in Sources */,
				33C72C332B6D639B00D8DADD /* FlowTabbarPresenter.swift in Sources */,
				33C72CE92B724A1000D8DADD /* FullScreenImageViewInput.swift in Sources */,
				33C72D0B2B74E08A00D8DADD /* DBPhoto.swift in Sources */,
				33C72C2A2B6D639B00D8DADD /* FavoritesViewCoordinatorOutput.swift in Sources */,
				33C72C912B6E878600D8DADD /* SessionHelpers.swift in Sources */,
				33C72C472B6D639B00D8DADD /* GaleryInteractor.swift in Sources */,
				33C72CF12B725D3200D8DADD /* TempImageStorage.swift in Sources */,
				33C72C302B6D639B00D8DADD /* TabbarCoordinatorOutput.swift in Sources */,
				33C72C342B6D639B00D8DADD /* FlowTabbar.swift in Sources */,
				33C72C402B6D639B00D8DADD /* GaleryPresenter.swift in Sources */,
				33C72C382B6D639B00D8DADD /* FlowTabbarViewOutput.swift in Sources */,
				33C72C412B6D639B00D8DADD /* GaleryViewCoordinatorOutput.swift in Sources */,
				33C72CFF2B72D6A100D8DADD /* ImageLoader.swift in Sources */,
				33C72C482B6D639B00D8DADD /* FlowFactoryImp.swift in Sources */,
				33C72C432B6D639B00D8DADD /* GaleryViewController.swift in Sources */,
				33C72C422B6D639B00D8DADD /* GaleryViewOutput.swift in Sources */,
				33C72C492B6D639B00D8DADD /* FavoritesFlowFactory.swift in Sources */,
				33C72BC82B6D621B00D8DADD /* Presentable.swift in Sources */,
				33C72BCC2B6D622700D8DADD /* ApplicationCoordinator.swift in Sources */,
				33C72C452B6D639B00D8DADD /* GaleryInteractorOutput.swift in Sources */,
				33C72D222B75FF0600D8DADD /* BottomTabbarView.swift in Sources */,
				33C72C392B6D639B00D8DADD /* FlowTabbarInteractorOutput.swift in Sources */,
				33C72C4C2B6D639B00D8DADD /* CoordinatorFactory.swift in Sources */,
				33C72D032B73F5D400D8DADD /* DBManager.swift in Sources */,
			);
			runOnlyForDeploymentPostprocessing = 0;
		};
		33C72B812B6D546A00D8DADD /* Sources */ = {
			isa = PBXSourcesBuildPhase;
			buildActionMask = 2147483647;
			files = (
			);
			runOnlyForDeploymentPostprocessing = 0;
		};
		33C72B8B2B6D546B00D8DADD /* Sources */ = {
			isa = PBXSourcesBuildPhase;
			buildActionMask = 2147483647;
			files = (
			);
			runOnlyForDeploymentPostprocessing = 0;
		};
/* End PBXSourcesBuildPhase section */

/* Begin PBXTargetDependency section */
		33C72B872B6D546A00D8DADD /* PBXTargetDependency */ = {
			isa = PBXTargetDependency;
			target = 33C72B6E2B6D546800D8DADD /* PickApp */;
			targetProxy = 33C72B862B6D546A00D8DADD /* PBXContainerItemProxy */;
		};
		33C72B912B6D546B00D8DADD /* PBXTargetDependency */ = {
			isa = PBXTargetDependency;
			target = 33C72B6E2B6D546800D8DADD /* PickApp */;
			targetProxy = 33C72B902B6D546B00D8DADD /* PBXContainerItemProxy */;
		};
/* End PBXTargetDependency section */

/* Begin PBXVariantGroup section */
		33C72B7D2B6D546A00D8DADD /* LaunchScreen.storyboard */ = {
			isa = PBXVariantGroup;
			children = (
				33C72B7E2B6D546A00D8DADD /* Base */,
			);
			name = LaunchScreen.storyboard;
			sourceTree = "<group>";
		};
/* End PBXVariantGroup section */

/* Begin XCBuildConfiguration section */
		33C72B972B6D546B00D8DADD /* Debug */ = {
			isa = XCBuildConfiguration;
			buildSettings = {
				ALWAYS_SEARCH_USER_PATHS = NO;
				ASSETCATALOG_COMPILER_GENERATE_SWIFT_ASSET_SYMBOL_EXTENSIONS = YES;
				CLANG_ANALYZER_NONNULL = YES;
				CLANG_ANALYZER_NUMBER_OBJECT_CONVERSION = YES_AGGRESSIVE;
				CLANG_CXX_LANGUAGE_STANDARD = "gnu++20";
				CLANG_ENABLE_MODULES = YES;
				CLANG_ENABLE_OBJC_ARC = YES;
				CLANG_ENABLE_OBJC_WEAK = YES;
				CLANG_WARN_BLOCK_CAPTURE_AUTORELEASING = YES;
				CLANG_WARN_BOOL_CONVERSION = YES;
				CLANG_WARN_COMMA = YES;
				CLANG_WARN_CONSTANT_CONVERSION = YES;
				CLANG_WARN_DEPRECATED_OBJC_IMPLEMENTATIONS = YES;
				CLANG_WARN_DIRECT_OBJC_ISA_USAGE = YES_ERROR;
				CLANG_WARN_DOCUMENTATION_COMMENTS = YES;
				CLANG_WARN_EMPTY_BODY = YES;
				CLANG_WARN_ENUM_CONVERSION = YES;
				CLANG_WARN_INFINITE_RECURSION = YES;
				CLANG_WARN_INT_CONVERSION = YES;
				CLANG_WARN_NON_LITERAL_NULL_CONVERSION = YES;
				CLANG_WARN_OBJC_IMPLICIT_RETAIN_SELF = YES;
				CLANG_WARN_OBJC_LITERAL_CONVERSION = YES;
				CLANG_WARN_OBJC_ROOT_CLASS = YES_ERROR;
				CLANG_WARN_QUOTED_INCLUDE_IN_FRAMEWORK_HEADER = YES;
				CLANG_WARN_RANGE_LOOP_ANALYSIS = YES;
				CLANG_WARN_STRICT_PROTOTYPES = YES;
				CLANG_WARN_SUSPICIOUS_MOVE = YES;
				CLANG_WARN_UNGUARDED_AVAILABILITY = YES_AGGRESSIVE;
				CLANG_WARN_UNREACHABLE_CODE = YES;
				CLANG_WARN__DUPLICATE_METHOD_MATCH = YES;
				COPY_PHASE_STRIP = NO;
				DEBUG_INFORMATION_FORMAT = dwarf;
				ENABLE_STRICT_OBJC_MSGSEND = YES;
				ENABLE_TESTABILITY = YES;
				ENABLE_USER_SCRIPT_SANDBOXING = YES;
				GCC_C_LANGUAGE_STANDARD = gnu17;
				GCC_DYNAMIC_NO_PIC = NO;
				GCC_NO_COMMON_BLOCKS = YES;
				GCC_OPTIMIZATION_LEVEL = 0;
				GCC_PREPROCESSOR_DEFINITIONS = (
					"DEBUG=1",
					"$(inherited)",
				);
				GCC_WARN_64_TO_32_BIT_CONVERSION = YES;
				GCC_WARN_ABOUT_RETURN_TYPE = YES_ERROR;
				GCC_WARN_UNDECLARED_SELECTOR = YES;
				GCC_WARN_UNINITIALIZED_AUTOS = YES_AGGRESSIVE;
				GCC_WARN_UNUSED_FUNCTION = YES;
				GCC_WARN_UNUSED_VARIABLE = YES;
				IPHONEOS_DEPLOYMENT_TARGET = 17.2;
				LOCALIZATION_PREFERS_STRING_CATALOGS = YES;
				MTL_ENABLE_DEBUG_INFO = INCLUDE_SOURCE;
				MTL_FAST_MATH = YES;
				ONLY_ACTIVE_ARCH = YES;
				SDKROOT = iphoneos;
				SWIFT_ACTIVE_COMPILATION_CONDITIONS = "DEBUG $(inherited)";
				SWIFT_OPTIMIZATION_LEVEL = "-Onone";
			};
			name = Debug;
		};
		33C72B982B6D546B00D8DADD /* Release */ = {
			isa = XCBuildConfiguration;
			buildSettings = {
				ALWAYS_SEARCH_USER_PATHS = NO;
				ASSETCATALOG_COMPILER_GENERATE_SWIFT_ASSET_SYMBOL_EXTENSIONS = YES;
				CLANG_ANALYZER_NONNULL = YES;
				CLANG_ANALYZER_NUMBER_OBJECT_CONVERSION = YES_AGGRESSIVE;
				CLANG_CXX_LANGUAGE_STANDARD = "gnu++20";
				CLANG_ENABLE_MODULES = YES;
				CLANG_ENABLE_OBJC_ARC = YES;
				CLANG_ENABLE_OBJC_WEAK = YES;
				CLANG_WARN_BLOCK_CAPTURE_AUTORELEASING = YES;
				CLANG_WARN_BOOL_CONVERSION = YES;
				CLANG_WARN_COMMA = YES;
				CLANG_WARN_CONSTANT_CONVERSION = YES;
				CLANG_WARN_DEPRECATED_OBJC_IMPLEMENTATIONS = YES;
				CLANG_WARN_DIRECT_OBJC_ISA_USAGE = YES_ERROR;
				CLANG_WARN_DOCUMENTATION_COMMENTS = YES;
				CLANG_WARN_EMPTY_BODY = YES;
				CLANG_WARN_ENUM_CONVERSION = YES;
				CLANG_WARN_INFINITE_RECURSION = YES;
				CLANG_WARN_INT_CONVERSION = YES;
				CLANG_WARN_NON_LITERAL_NULL_CONVERSION = YES;
				CLANG_WARN_OBJC_IMPLICIT_RETAIN_SELF = YES;
				CLANG_WARN_OBJC_LITERAL_CONVERSION = YES;
				CLANG_WARN_OBJC_ROOT_CLASS = YES_ERROR;
				CLANG_WARN_QUOTED_INCLUDE_IN_FRAMEWORK_HEADER = YES;
				CLANG_WARN_RANGE_LOOP_ANALYSIS = YES;
				CLANG_WARN_STRICT_PROTOTYPES = YES;
				CLANG_WARN_SUSPICIOUS_MOVE = YES;
				CLANG_WARN_UNGUARDED_AVAILABILITY = YES_AGGRESSIVE;
				CLANG_WARN_UNREACHABLE_CODE = YES;
				CLANG_WARN__DUPLICATE_METHOD_MATCH = YES;
				COPY_PHASE_STRIP = NO;
				DEBUG_INFORMATION_FORMAT = "dwarf-with-dsym";
				ENABLE_NS_ASSERTIONS = NO;
				ENABLE_STRICT_OBJC_MSGSEND = YES;
				ENABLE_USER_SCRIPT_SANDBOXING = YES;
				GCC_C_LANGUAGE_STANDARD = gnu17;
				GCC_NO_COMMON_BLOCKS = YES;
				GCC_WARN_64_TO_32_BIT_CONVERSION = YES;
				GCC_WARN_ABOUT_RETURN_TYPE = YES_ERROR;
				GCC_WARN_UNDECLARED_SELECTOR = YES;
				GCC_WARN_UNINITIALIZED_AUTOS = YES_AGGRESSIVE;
				GCC_WARN_UNUSED_FUNCTION = YES;
				GCC_WARN_UNUSED_VARIABLE = YES;
				IPHONEOS_DEPLOYMENT_TARGET = 17.2;
				LOCALIZATION_PREFERS_STRING_CATALOGS = YES;
				MTL_ENABLE_DEBUG_INFO = NO;
				MTL_FAST_MATH = YES;
				SDKROOT = iphoneos;
				SWIFT_COMPILATION_MODE = wholemodule;
				VALIDATE_PRODUCT = YES;
			};
			name = Release;
		};
		33C72B9A2B6D546B00D8DADD /* Debug */ = {
			isa = XCBuildConfiguration;
			buildSettings = {
				ASSETCATALOG_COMPILER_APPICON_NAME = AppIcon;
				ASSETCATALOG_COMPILER_GLOBAL_ACCENT_COLOR_NAME = AccentColor;
				CODE_SIGN_STYLE = Automatic;
				CURRENT_PROJECT_VERSION = 1;
				DEVELOPMENT_TEAM = BGTZ6TGNVV;
				GENERATE_INFOPLIST_FILE = YES;
				INFOPLIST_FILE = "PickApp/Supporting Files/Info.plist";
				INFOPLIST_KEY_CFBundleDisplayName = PicApp;
				INFOPLIST_KEY_UIApplicationSupportsIndirectInputEvents = YES;
				INFOPLIST_KEY_UILaunchStoryboardName = LaunchScreen;
				INFOPLIST_KEY_UISupportedInterfaceOrientations_iPad = "UIInterfaceOrientationPortrait UIInterfaceOrientationPortraitUpsideDown UIInterfaceOrientationLandscapeLeft UIInterfaceOrientationLandscapeRight";
				INFOPLIST_KEY_UISupportedInterfaceOrientations_iPhone = "UIInterfaceOrientationPortrait UIInterfaceOrientationLandscapeLeft UIInterfaceOrientationLandscapeRight";
				IPHONEOS_DEPLOYMENT_TARGET = 13.0;
				LD_RUNPATH_SEARCH_PATHS = (
					"$(inherited)",
					"@executable_path/Frameworks",
				);
				MARKETING_VERSION = 1.0;
				PRODUCT_BUNDLE_IDENTIFIER = com.roma.pickapp.PickApp;
				PRODUCT_NAME = "Pic App";
				SWIFT_EMIT_LOC_STRINGS = YES;
				SWIFT_VERSION = 5.0;
				TARGETED_DEVICE_FAMILY = "1,2";
			};
			name = Debug;
		};
		33C72B9B2B6D546B00D8DADD /* Release */ = {
			isa = XCBuildConfiguration;
			buildSettings = {
				ASSETCATALOG_COMPILER_APPICON_NAME = AppIcon;
				ASSETCATALOG_COMPILER_GLOBAL_ACCENT_COLOR_NAME = AccentColor;
				CODE_SIGN_STYLE = Automatic;
				CURRENT_PROJECT_VERSION = 1;
				DEVELOPMENT_TEAM = BGTZ6TGNVV;
				GENERATE_INFOPLIST_FILE = YES;
				INFOPLIST_FILE = "PickApp/Supporting Files/Info.plist";
				INFOPLIST_KEY_CFBundleDisplayName = PicApp;
				INFOPLIST_KEY_UIApplicationSupportsIndirectInputEvents = YES;
				INFOPLIST_KEY_UILaunchStoryboardName = LaunchScreen;
				INFOPLIST_KEY_UISupportedInterfaceOrientations_iPad = "UIInterfaceOrientationPortrait UIInterfaceOrientationPortraitUpsideDown UIInterfaceOrientationLandscapeLeft UIInterfaceOrientationLandscapeRight";
				INFOPLIST_KEY_UISupportedInterfaceOrientations_iPhone = "UIInterfaceOrientationPortrait UIInterfaceOrientationLandscapeLeft UIInterfaceOrientationLandscapeRight";
				IPHONEOS_DEPLOYMENT_TARGET = 13.0;
				LD_RUNPATH_SEARCH_PATHS = (
					"$(inherited)",
					"@executable_path/Frameworks",
				);
				MARKETING_VERSION = 1.0;
				PRODUCT_BUNDLE_IDENTIFIER = com.roma.pickapp.PickApp;
				PRODUCT_NAME = "$(TARGET_NAME)";
				SWIFT_EMIT_LOC_STRINGS = YES;
				SWIFT_VERSION = 5.0;
				TARGETED_DEVICE_FAMILY = "1,2";
			};
			name = Release;
		};
		33C72B9D2B6D546B00D8DADD /* Debug */ = {
			isa = XCBuildConfiguration;
			buildSettings = {
				ALWAYS_EMBED_SWIFT_STANDARD_LIBRARIES = YES;
				BUNDLE_LOADER = "$(TEST_HOST)";
				CODE_SIGN_STYLE = Automatic;
				CURRENT_PROJECT_VERSION = 1;
				DEVELOPMENT_TEAM = BGTZ6TGNVV;
				GENERATE_INFOPLIST_FILE = YES;
				IPHONEOS_DEPLOYMENT_TARGET = 17.2;
				MARKETING_VERSION = 1.0;
				PRODUCT_BUNDLE_IDENTIFIER = com.roma.pickapp.PickAppTests;
				PRODUCT_NAME = "$(TARGET_NAME)";
				SWIFT_EMIT_LOC_STRINGS = NO;
				SWIFT_VERSION = 5.0;
				TARGETED_DEVICE_FAMILY = "1,2";
				TEST_HOST = "$(BUILT_PRODUCTS_DIR)/PickApp.app/$(BUNDLE_EXECUTABLE_FOLDER_PATH)/PickApp";
			};
			name = Debug;
		};
		33C72B9E2B6D546B00D8DADD /* Release */ = {
			isa = XCBuildConfiguration;
			buildSettings = {
				ALWAYS_EMBED_SWIFT_STANDARD_LIBRARIES = YES;
				BUNDLE_LOADER = "$(TEST_HOST)";
				CODE_SIGN_STYLE = Automatic;
				CURRENT_PROJECT_VERSION = 1;
				DEVELOPMENT_TEAM = BGTZ6TGNVV;
				GENERATE_INFOPLIST_FILE = YES;
				IPHONEOS_DEPLOYMENT_TARGET = 17.2;
				MARKETING_VERSION = 1.0;
				PRODUCT_BUNDLE_IDENTIFIER = com.roma.pickapp.PickAppTests;
				PRODUCT_NAME = "$(TARGET_NAME)";
				SWIFT_EMIT_LOC_STRINGS = NO;
				SWIFT_VERSION = 5.0;
				TARGETED_DEVICE_FAMILY = "1,2";
				TEST_HOST = "$(BUILT_PRODUCTS_DIR)/PickApp.app/$(BUNDLE_EXECUTABLE_FOLDER_PATH)/PickApp";
			};
			name = Release;
		};
		33C72BA02B6D546B00D8DADD /* Debug */ = {
			isa = XCBuildConfiguration;
			buildSettings = {
				ALWAYS_EMBED_SWIFT_STANDARD_LIBRARIES = YES;
				CODE_SIGN_STYLE = Automatic;
				CURRENT_PROJECT_VERSION = 1;
				DEVELOPMENT_TEAM = BGTZ6TGNVV;
				GENERATE_INFOPLIST_FILE = YES;
				MARKETING_VERSION = 1.0;
				PRODUCT_BUNDLE_IDENTIFIER = com.roma.pickapp.PickAppUITests;
				PRODUCT_NAME = "$(TARGET_NAME)";
				SWIFT_EMIT_LOC_STRINGS = NO;
				SWIFT_VERSION = 5.0;
				TARGETED_DEVICE_FAMILY = "1,2";
				TEST_TARGET_NAME = PickApp;
			};
			name = Debug;
		};
		33C72BA12B6D546B00D8DADD /* Release */ = {
			isa = XCBuildConfiguration;
			buildSettings = {
				ALWAYS_EMBED_SWIFT_STANDARD_LIBRARIES = YES;
				CODE_SIGN_STYLE = Automatic;
				CURRENT_PROJECT_VERSION = 1;
				DEVELOPMENT_TEAM = BGTZ6TGNVV;
				GENERATE_INFOPLIST_FILE = YES;
				MARKETING_VERSION = 1.0;
				PRODUCT_BUNDLE_IDENTIFIER = com.roma.pickapp.PickAppUITests;
				PRODUCT_NAME = "$(TARGET_NAME)";
				SWIFT_EMIT_LOC_STRINGS = NO;
				SWIFT_VERSION = 5.0;
				TARGETED_DEVICE_FAMILY = "1,2";
				TEST_TARGET_NAME = PickApp;
			};
			name = Release;
		};
/* End XCBuildConfiguration section */

/* Begin XCConfigurationList section */
		33C72B6A2B6D546800D8DADD /* Build configuration list for PBXProject "PickApp" */ = {
			isa = XCConfigurationList;
			buildConfigurations = (
				33C72B972B6D546B00D8DADD /* Debug */,
				33C72B982B6D546B00D8DADD /* Release */,
			);
			defaultConfigurationIsVisible = 0;
			defaultConfigurationName = Release;
		};
		33C72B992B6D546B00D8DADD /* Build configuration list for PBXNativeTarget "PickApp" */ = {
			isa = XCConfigurationList;
			buildConfigurations = (
				33C72B9A2B6D546B00D8DADD /* Debug */,
				33C72B9B2B6D546B00D8DADD /* Release */,
			);
			defaultConfigurationIsVisible = 0;
			defaultConfigurationName = Release;
		};
		33C72B9C2B6D546B00D8DADD /* Build configuration list for PBXNativeTarget "PickAppTests" */ = {
			isa = XCConfigurationList;
			buildConfigurations = (
				33C72B9D2B6D546B00D8DADD /* Debug */,
				33C72B9E2B6D546B00D8DADD /* Release */,
			);
			defaultConfigurationIsVisible = 0;
			defaultConfigurationName = Release;
		};
		33C72B9F2B6D546B00D8DADD /* Build configuration list for PBXNativeTarget "PickAppUITests" */ = {
			isa = XCConfigurationList;
			buildConfigurations = (
				33C72BA02B6D546B00D8DADD /* Debug */,
				33C72BA12B6D546B00D8DADD /* Release */,
			);
			defaultConfigurationIsVisible = 0;
			defaultConfigurationName = Release;
		};
/* End XCConfigurationList section */

/* Begin XCRemoteSwiftPackageReference section */
		33C72BA22B6D5B4200D8DADD /* XCRemoteSwiftPackageReference "SwiftLint" */ = {
			isa = XCRemoteSwiftPackageReference;
			repositoryURL = "https://github.com/realm/SwiftLint";
			requirement = {
				kind = upToNextMajorVersion;
				minimumVersion = 0.54.0;
			};
		};
		33C72C802B6DBFD800D8DADD /* XCRemoteSwiftPackageReference "PromiseKit" */ = {
			isa = XCRemoteSwiftPackageReference;
			repositoryURL = "https://github.com/mxcl/PromiseKit.git";
			requirement = {
				kind = upToNextMajorVersion;
				minimumVersion = 8.1.1;
			};
		};
		33C72C832B6DBFE800D8DADD /* XCRemoteSwiftPackageReference "Alamofire" */ = {
			isa = XCRemoteSwiftPackageReference;
			repositoryURL = "https://github.com/Alamofire/Alamofire.git";
			requirement = {
				kind = upToNextMajorVersion;
				minimumVersion = 5.8.1;
			};
		};
		33C72D012B72F9F700D8DADD /* XCRemoteSwiftPackageReference "realm-swift" */ = {
			isa = XCRemoteSwiftPackageReference;
			repositoryURL = "https://github.com/realm/realm-swift.git";
			requirement = {
				branch = master;
				kind = branch;
			};
		};
/* End XCRemoteSwiftPackageReference section */

/* Begin XCSwiftPackageProductDependency section */
		33C72C812B6DBFD800D8DADD /* PromiseKit */ = {
			isa = XCSwiftPackageProductDependency;
			package = 33C72C802B6DBFD800D8DADD /* XCRemoteSwiftPackageReference "PromiseKit" */;
			productName = PromiseKit;
		};
		33C72C842B6DBFE800D8DADD /* Alamofire */ = {
			isa = XCSwiftPackageProductDependency;
			package = 33C72C832B6DBFE800D8DADD /* XCRemoteSwiftPackageReference "Alamofire" */;
			productName = Alamofire;
		};
		33C72D042B73F63600D8DADD /* Realm */ = {
			isa = XCSwiftPackageProductDependency;
			package = 33C72D012B72F9F700D8DADD /* XCRemoteSwiftPackageReference "realm-swift" */;
			productName = Realm;
		};
		33C72D062B73F63600D8DADD /* RealmSwift */ = {
			isa = XCSwiftPackageProductDependency;
			package = 33C72D012B72F9F700D8DADD /* XCRemoteSwiftPackageReference "realm-swift" */;
			productName = RealmSwift;
		};
/* End XCSwiftPackageProductDependency section */
	};
	rootObject = 33C72B672B6D546800D8DADD /* Project object */;
}
